// !$*UTF8*$!
{
	archiveVersion = 1;
	classes = {
	};
	objectVersion = 46;
	objects = {

/* Begin PBXBuildFile section */
		1D60589F0D05DD5A006BFB54 /* Foundation.framework in Frameworks */ = {isa = PBXBuildFile; fileRef = 1D30AB110D05D00D00671497 /* Foundation.framework */; };
		1DF5F4E00D08C38300B7A737 /* UIKit.framework in Frameworks */ = {isa = PBXBuildFile; fileRef = 1DF5F4DF0D08C38300B7A737 /* UIKit.framework */; };
		288765A50DF7441C002DB57D /* CoreGraphics.framework in Frameworks */ = {isa = PBXBuildFile; fileRef = 288765A40DF7441C002DB57D /* CoreGraphics.framework */; };
		46880B8819C43A87006E1F66 /* AppDelegate.cpp in Sources */ = {isa = PBXBuildFile; fileRef = 46880B8419C43A87006E1F66 /* AppDelegate.cpp */; };
		46880B8919C43A87006E1F66 /* AppDelegate.cpp in Sources */ = {isa = PBXBuildFile; fileRef = 46880B8419C43A87006E1F66 /* AppDelegate.cpp */; };
		46880B8A19C43A87006E1F66 /* GameScene.cpp in Sources */ = {isa = PBXBuildFile; fileRef = 46880B8619C43A87006E1F66 /* GameScene.cpp */; };
		46880B8B19C43A87006E1F66 /* GameScene.cpp in Sources */ = {isa = PBXBuildFile; fileRef = 46880B8619C43A87006E1F66 /* GameScene.cpp */; };
		503AE0F817EB97AB00D1A890 /* Icon.icns in Resources */ = {isa = PBXBuildFile; fileRef = 503AE0F617EB97AB00D1A890 /* Icon.icns */; };
		503AE10017EB989F00D1A890 /* AppController.mm in Sources */ = {isa = PBXBuildFile; fileRef = 503AE0FB17EB989F00D1A890 /* AppController.mm */; };
		503AE10117EB989F00D1A890 /* main.m in Sources */ = {isa = PBXBuildFile; fileRef = 503AE0FC17EB989F00D1A890 /* main.m */; };
		503AE10217EB989F00D1A890 /* RootViewController.mm in Sources */ = {isa = PBXBuildFile; fileRef = 503AE0FF17EB989F00D1A890 /* RootViewController.mm */; };
		503AE10517EB98FF00D1A890 /* main.cpp in Sources */ = {isa = PBXBuildFile; fileRef = 503AE10317EB98FF00D1A890 /* main.cpp */; };
		503AE11B17EB9C5A00D1A890 /* IOKit.framework in Frameworks */ = {isa = PBXBuildFile; fileRef = 503AE11A17EB9C5A00D1A890 /* IOKit.framework */; };
		5087E76317EB910900C73F5D /* Foundation.framework in Frameworks */ = {isa = PBXBuildFile; fileRef = 1D30AB110D05D00D00671497 /* Foundation.framework */; };
		5087E76717EB910900C73F5D /* libz.dylib in Frameworks */ = {isa = PBXBuildFile; fileRef = BF170DB412928DE900B8313A /* libz.dylib */; };
		5087E76817EB910900C73F5D /* QuartzCore.framework in Frameworks */ = {isa = PBXBuildFile; fileRef = BF1C47EA1293683800B63C5D /* QuartzCore.framework */; };
		5087E76917EB910900C73F5D /* OpenAL.framework in Frameworks */ = {isa = PBXBuildFile; fileRef = D44C620B132DFF330009C878 /* OpenAL.framework */; };
		5087E76A17EB910900C73F5D /* AVFoundation.framework in Frameworks */ = {isa = PBXBuildFile; fileRef = D44C620D132DFF430009C878 /* AVFoundation.framework */; };
		5087E76B17EB910900C73F5D /* AudioToolbox.framework in Frameworks */ = {isa = PBXBuildFile; fileRef = D44C620F132DFF4E0009C878 /* AudioToolbox.framework */; };
		5087E78917EB974C00C73F5D /* AppKit.framework in Frameworks */ = {isa = PBXBuildFile; fileRef = 5087E78817EB974C00C73F5D /* AppKit.framework */; };
		5087E78B17EB975400C73F5D /* OpenGL.framework in Frameworks */ = {isa = PBXBuildFile; fileRef = 5087E78A17EB975400C73F5D /* OpenGL.framework */; };
		52B47A471A53D09C004E4C60 /* Security.framework in Frameworks */ = {isa = PBXBuildFile; fileRef = 52B47A461A53D09B004E4C60 /* Security.framework */; };
		81110ECE1CCCA17400BB0C9D /* WrappedSprite.cpp in Sources */ = {isa = PBXBuildFile; fileRef = 81110ECC1CCCA17400BB0C9D /* WrappedSprite.cpp */; };
		81110ECF1CCCA17400BB0C9D /* WrappedSprite.cpp in Sources */ = {isa = PBXBuildFile; fileRef = 81110ECC1CCCA17400BB0C9D /* WrappedSprite.cpp */; };
		81253C151CDEBA7D0072DBFD /* RemoveSelfWithCallback.cpp in Sources */ = {isa = PBXBuildFile; fileRef = 81253C131CDEBA7D0072DBFD /* RemoveSelfWithCallback.cpp */; };
		81253C161CDEBA7D0072DBFD /* RemoveSelfWithCallback.cpp in Sources */ = {isa = PBXBuildFile; fileRef = 81253C131CDEBA7D0072DBFD /* RemoveSelfWithCallback.cpp */; };
		81253C191CDEC7CB0072DBFD /* MirrorSprite.cpp in Sources */ = {isa = PBXBuildFile; fileRef = 81253C171CDEC7CB0072DBFD /* MirrorSprite.cpp */; };
		81253C1A1CDEC7CB0072DBFD /* MirrorSprite.cpp in Sources */ = {isa = PBXBuildFile; fileRef = 81253C171CDEC7CB0072DBFD /* MirrorSprite.cpp */; };
		81253C1D1CDEDD7E0072DBFD /* ObstacleSequence.cpp in Sources */ = {isa = PBXBuildFile; fileRef = 81253C1B1CDEDD7E0072DBFD /* ObstacleSequence.cpp */; };
		81253C1E1CDEDD7E0072DBFD /* ObstacleSequence.cpp in Sources */ = {isa = PBXBuildFile; fileRef = 81253C1B1CDEDD7E0072DBFD /* ObstacleSequence.cpp */; };
		812BE93E1CB8BCE80038D730 /* audio in Resources */ = {isa = PBXBuildFile; fileRef = 812BE93D1CB8BCE80038D730 /* audio */; };
		812BE93F1CB8BCE80038D730 /* audio in Resources */ = {isa = PBXBuildFile; fileRef = 812BE93D1CB8BCE80038D730 /* audio */; };
		812BE9411CB8BCF60038D730 /* images in Resources */ = {isa = PBXBuildFile; fileRef = 812BE9401CB8BCF60038D730 /* images */; };
		812BE9421CB8BCF60038D730 /* images in Resources */ = {isa = PBXBuildFile; fileRef = 812BE9401CB8BCF60038D730 /* images */; };
		812BE9431CB8BF9F0038D730 /* SplashScene.cpp in Sources */ = {isa = PBXBuildFile; fileRef = 81E8AFC11CAD2AC700609D88 /* SplashScene.cpp */; };
		812BE9441CB8C0040038D730 /* SplashScene.cpp in Sources */ = {isa = PBXBuildFile; fileRef = 81E8AFC11CAD2AC700609D88 /* SplashScene.cpp */; };
		812BE94E1CB8D30D0038D730 /* fonts in Resources */ = {isa = PBXBuildFile; fileRef = 814FF98C1CB5291C00820727 /* fonts */; };
		812FBDD71D0E643100A712DA /* Player.cpp in Sources */ = {isa = PBXBuildFile; fileRef = 812FBDD51D0E643100A712DA /* Player.cpp */; };
		812FBDD81D0E643100A712DA /* Player.cpp in Sources */ = {isa = PBXBuildFile; fileRef = 812FBDD51D0E643100A712DA /* Player.cpp */; };
		81417C701D04041C00A9F5E1 /* GameState.cpp in Sources */ = {isa = PBXBuildFile; fileRef = 81417C6F1D04041C00A9F5E1 /* GameState.cpp */; };
		81417C711D04041C00A9F5E1 /* GameState.cpp in Sources */ = {isa = PBXBuildFile; fileRef = 81417C6F1D04041C00A9F5E1 /* GameState.cpp */; };
		814FF98D1CB5291C00820727 /* fonts in Resources */ = {isa = PBXBuildFile; fileRef = 814FF98C1CB5291C00820727 /* fonts */; };
		8150E2871D2FADC600398ED5 /* CoreText.framework in Frameworks */ = {isa = PBXBuildFile; fileRef = 8150E2861D2FADC600398ED5 /* CoreText.framework */; };
		81563DF21CBB9ED200B303F9 /* libcocos2d iOS.a in Frameworks */ = {isa = PBXBuildFile; fileRef = 81563DEF1CBB9E9000B303F9 /* libcocos2d iOS.a */; };
		81563DF51CBB9EE200B303F9 /* libcocos2d Mac.a in Frameworks */ = {isa = PBXBuildFile; fileRef = 81563DED1CBB9E9000B303F9 /* libcocos2d Mac.a */; };
		81775EE71CDF26D80011049C /* FollowedBy.cpp in Sources */ = {isa = PBXBuildFile; fileRef = 81775EE51CDF26D80011049C /* FollowedBy.cpp */; };
		81775EE81CDF26D80011049C /* FollowedBy.cpp in Sources */ = {isa = PBXBuildFile; fileRef = 81775EE51CDF26D80011049C /* FollowedBy.cpp */; };
		81794FAC1D27748A00124969 /* Score.cpp in Sources */ = {isa = PBXBuildFile; fileRef = 81794FAA1D27748A00124969 /* Score.cpp */; };
		81794FAD1D27748A00124969 /* Score.cpp in Sources */ = {isa = PBXBuildFile; fileRef = 81794FAA1D27748A00124969 /* Score.cpp */; };
		817B8A3D1CA63961003BE291 /* ObstacleGenerator.cpp in Sources */ = {isa = PBXBuildFile; fileRef = 817B8A3B1CA63961003BE291 /* ObstacleGenerator.cpp */; };
		817B8A3E1CA63961003BE291 /* ObstacleGenerator.cpp in Sources */ = {isa = PBXBuildFile; fileRef = 817B8A3B1CA63961003BE291 /* ObstacleGenerator.cpp */; };
		81827DF71CB11AB2009EA6A7 /* Images.xcassets in Resources */ = {isa = PBXBuildFile; fileRef = 81827DF61CB11AB2009EA6A7 /* Images.xcassets */; };
		81886C951CFAD7FE005617F4 /* ModeSelectionScene.cpp in Sources */ = {isa = PBXBuildFile; fileRef = 81886C931CFAD7FE005617F4 /* ModeSelectionScene.cpp */; };
		81886C961CFAD7FE005617F4 /* ModeSelectionScene.cpp in Sources */ = {isa = PBXBuildFile; fileRef = 81886C931CFAD7FE005617F4 /* ModeSelectionScene.cpp */; };
		819765B01CF1548E00DA7534 /* PhysicsScene.cpp in Sources */ = {isa = PBXBuildFile; fileRef = 819765AE1CF1548E00DA7534 /* PhysicsScene.cpp */; };
		819765B11CF1548E00DA7534 /* PhysicsScene.cpp in Sources */ = {isa = PBXBuildFile; fileRef = 819765AE1CF1548E00DA7534 /* PhysicsScene.cpp */; };
		819765B51CF1926500DA7534 /* PauseMenuScene.cpp in Sources */ = {isa = PBXBuildFile; fileRef = 819765B31CF1926500DA7534 /* PauseMenuScene.cpp */; };
		819765B61CF1926500DA7534 /* PauseMenuScene.cpp in Sources */ = {isa = PBXBuildFile; fileRef = 819765B31CF1926500DA7534 /* PauseMenuScene.cpp */; };
		819E29551C93C8AC00EA3D32 /* BaseScene.cpp in Sources */ = {isa = PBXBuildFile; fileRef = 819E29541C93C8AC00EA3D32 /* BaseScene.cpp */; };
		819E29561C93C8AC00EA3D32 /* BaseScene.cpp in Sources */ = {isa = PBXBuildFile; fileRef = 819E29541C93C8AC00EA3D32 /* BaseScene.cpp */; };
		819E295A1C93D4D700EA3D32 /* Column.cpp in Sources */ = {isa = PBXBuildFile; fileRef = 819E29581C93D4D700EA3D32 /* Column.cpp */; };
		819E295B1C93D4D700EA3D32 /* Column.cpp in Sources */ = {isa = PBXBuildFile; fileRef = 819E29581C93D4D700EA3D32 /* Column.cpp */; };
		81A319961C94F7C9005708D6 /* Obstacle.cpp in Sources */ = {isa = PBXBuildFile; fileRef = 81A319941C94F7C9005708D6 /* Obstacle.cpp */; };
		81A319971C94F7C9005708D6 /* Obstacle.cpp in Sources */ = {isa = PBXBuildFile; fileRef = 81A319941C94F7C9005708D6 /* Obstacle.cpp */; };
		81A709401CA8F3B600E51821 /* SpritePhysicsBody.cpp in Sources */ = {isa = PBXBuildFile; fileRef = 81A7093E1CA8F3B600E51821 /* SpritePhysicsBody.cpp */; };
		81A709411CA8F3B600E51821 /* SpritePhysicsBody.cpp in Sources */ = {isa = PBXBuildFile; fileRef = 81A7093E1CA8F3B600E51821 /* SpritePhysicsBody.cpp */; };
		81AAFBF21D0EA06A00E70FF7 /* GameOverScene.cpp in Sources */ = {isa = PBXBuildFile; fileRef = 81AAFBF01D0EA06A00E70FF7 /* GameOverScene.cpp */; };
		81AAFBF31D0EA06A00E70FF7 /* GameOverScene.cpp in Sources */ = {isa = PBXBuildFile; fileRef = 81AAFBF01D0EA06A00E70FF7 /* GameOverScene.cpp */; };
		81C44A461CC311D7006D6F0F /* TitleScene.cpp in Sources */ = {isa = PBXBuildFile; fileRef = 81C44A441CC311D7006D6F0F /* TitleScene.cpp */; };
		81C44A471CC311D7006D6F0F /* TitleScene.cpp in Sources */ = {isa = PBXBuildFile; fileRef = 81C44A441CC311D7006D6F0F /* TitleScene.cpp */; };
		81C44A4D1CC31421006D6F0F /* animations in Resources */ = {isa = PBXBuildFile; fileRef = 81C44A4C1CC31421006D6F0F /* animations */; };
		81C44A4E1CC31421006D6F0F /* animations in Resources */ = {isa = PBXBuildFile; fileRef = 81C44A4C1CC31421006D6F0F /* animations */; };
		81CAD93F1CACC0440010BA03 /* DeveloperMenuScene.cpp in Sources */ = {isa = PBXBuildFile; fileRef = 81CAD93D1CACC0440010BA03 /* DeveloperMenuScene.cpp */; };
		81CAD9401CACC0440010BA03 /* DeveloperMenuScene.cpp in Sources */ = {isa = PBXBuildFile; fileRef = 81CAD93D1CACC0440010BA03 /* DeveloperMenuScene.cpp */; };
		81D28F931CDD8DF500C09896 /* MenuSlider.cpp in Sources */ = {isa = PBXBuildFile; fileRef = 81D28F911CDD8DF500C09896 /* MenuSlider.cpp */; };
		81D28F941CDD8DF500C09896 /* MenuSlider.cpp in Sources */ = {isa = PBXBuildFile; fileRef = 81D28F911CDD8DF500C09896 /* MenuSlider.cpp */; };
		81D28F991CDD8F7D00C09896 /* AccelerometerMovementSystem.cpp in Sources */ = {isa = PBXBuildFile; fileRef = 81D28F971CDD8F7D00C09896 /* AccelerometerMovementSystem.cpp */; };
		81D28F9A1CDD8F7D00C09896 /* AccelerometerMovementSystem.cpp in Sources */ = {isa = PBXBuildFile; fileRef = 81D28F971CDD8F7D00C09896 /* AccelerometerMovementSystem.cpp */; };
		81D28F9D1CDDC18D00C09896 /* particles in Resources */ = {isa = PBXBuildFile; fileRef = 81D28F9C1CDDC18D00C09896 /* particles */; };
		81D28F9E1CDDC18D00C09896 /* particles in Resources */ = {isa = PBXBuildFile; fileRef = 81D28F9C1CDDC18D00C09896 /* particles */; };
		81D28FA11CDDCB3A00C09896 /* ObstacleIndicator.cpp in Sources */ = {isa = PBXBuildFile; fileRef = 81D28F9F1CDDCB3A00C09896 /* ObstacleIndicator.cpp */; };
		81D28FA21CDDCB3A00C09896 /* ObstacleIndicator.cpp in Sources */ = {isa = PBXBuildFile; fileRef = 81D28F9F1CDDCB3A00C09896 /* ObstacleIndicator.cpp */; };
		81D8177B1CF014B60081C4A1 /* AnimatedBackground.cpp in Sources */ = {isa = PBXBuildFile; fileRef = 81D817791CF014B60081C4A1 /* AnimatedBackground.cpp */; };
		81D8177C1CF014B60081C4A1 /* AnimatedBackground.cpp in Sources */ = {isa = PBXBuildFile; fileRef = 81D817791CF014B60081C4A1 /* AnimatedBackground.cpp */; };
		81D817821CF024910081C4A1 /* Button.cpp in Sources */ = {isa = PBXBuildFile; fileRef = 81D817801CF024910081C4A1 /* Button.cpp */; };
		81D817831CF024910081C4A1 /* Button.cpp in Sources */ = {isa = PBXBuildFile; fileRef = 81D817801CF024910081C4A1 /* Button.cpp */; };
		81DF8E031CB101BA0092FA2B /* ObstaclePhysicsBody.cpp in Sources */ = {isa = PBXBuildFile; fileRef = 81DF8E011CB101BA0092FA2B /* ObstaclePhysicsBody.cpp */; };
		81DF8E041CB101BA0092FA2B /* ObstaclePhysicsBody.cpp in Sources */ = {isa = PBXBuildFile; fileRef = 81DF8E011CB101BA0092FA2B /* ObstaclePhysicsBody.cpp */; };
		81E8F3BF1CD5D9F200DC1689 /* Resolution.cpp in Sources */ = {isa = PBXBuildFile; fileRef = 81E8F3BD1CD5D9F200DC1689 /* Resolution.cpp */; };
		81E8F3C01CD5D9F200DC1689 /* Resolution.cpp in Sources */ = {isa = PBXBuildFile; fileRef = 81E8F3BD1CD5D9F200DC1689 /* Resolution.cpp */; };
		8262943E1AAF051F00CB7CF7 /* Security.framework in Frameworks */ = {isa = PBXBuildFile; fileRef = 8262943D1AAF051F00CB7CF7 /* Security.framework */; };
		BF171245129291EC00B8313A /* OpenGLES.framework in Frameworks */ = {isa = PBXBuildFile; fileRef = BF170DB012928DE900B8313A /* OpenGLES.framework */; };
		BF1712471292920000B8313A /* libz.dylib in Frameworks */ = {isa = PBXBuildFile; fileRef = BF170DB412928DE900B8313A /* libz.dylib */; };
		BF1C47F01293687400B63C5D /* QuartzCore.framework in Frameworks */ = {isa = PBXBuildFile; fileRef = BF1C47EA1293683800B63C5D /* QuartzCore.framework */; };
		D44C620C132DFF330009C878 /* OpenAL.framework in Frameworks */ = {isa = PBXBuildFile; fileRef = D44C620B132DFF330009C878 /* OpenAL.framework */; };
		D44C620E132DFF430009C878 /* AVFoundation.framework in Frameworks */ = {isa = PBXBuildFile; fileRef = D44C620D132DFF430009C878 /* AVFoundation.framework */; };
		D44C6210132DFF4E0009C878 /* AudioToolbox.framework in Frameworks */ = {isa = PBXBuildFile; fileRef = D44C620F132DFF4E0009C878 /* AudioToolbox.framework */; };
		D6B0611B1803AB670077942B /* CoreMotion.framework in Frameworks */ = {isa = PBXBuildFile; fileRef = D6B0611A1803AB670077942B /* CoreMotion.framework */; };
		ED545A7C1B68A1F400C3958E /* libiconv.dylib in Frameworks */ = {isa = PBXBuildFile; fileRef = ED545A7B1B68A1F400C3958E /* libiconv.dylib */; };
		ED545A7E1B68A1FA00C3958E /* libiconv.dylib in Frameworks */ = {isa = PBXBuildFile; fileRef = ED545A7D1B68A1FA00C3958E /* libiconv.dylib */; };
/* End PBXBuildFile section */

/* Begin PBXContainerItemProxy section */
		81563DEC1CBB9E9000B303F9 /* PBXContainerItemProxy */ = {
			isa = PBXContainerItemProxy;
			containerPortal = 81563DE71CBB9E9000B303F9 /* cocos2d_libs.xcodeproj */;
			proxyType = 2;
			remoteGlobalIDString = 1551A33F158F2AB200E66CFE;
			remoteInfo = "libcocos2d Mac";
		};
		81563DEE1CBB9E9000B303F9 /* PBXContainerItemProxy */ = {
			isa = PBXContainerItemProxy;
			containerPortal = 81563DE71CBB9E9000B303F9 /* cocos2d_libs.xcodeproj */;
			proxyType = 2;
			remoteGlobalIDString = A07A4D641783777C0073F6A7;
			remoteInfo = "libcocos2d iOS";
		};
		81563DF01CBB9ECC00B303F9 /* PBXContainerItemProxy */ = {
			isa = PBXContainerItemProxy;
			containerPortal = 81563DE71CBB9E9000B303F9 /* cocos2d_libs.xcodeproj */;
			proxyType = 1;
			remoteGlobalIDString = A07A4C241783777C0073F6A7;
			remoteInfo = "libcocos2d iOS";
		};
		81563DF31CBB9EDB00B303F9 /* PBXContainerItemProxy */ = {
			isa = PBXContainerItemProxy;
			containerPortal = 81563DE71CBB9E9000B303F9 /* cocos2d_libs.xcodeproj */;
			proxyType = 1;
			remoteGlobalIDString = 1551A33E158F2AB200E66CFE;
			remoteInfo = "libcocos2d Mac";
		};
		81D8177E1CF014B60081C4A1 /* PBXContainerItemProxy */ = {
			isa = PBXContainerItemProxy;
			containerPortal = 81563DE71CBB9E9000B303F9 /* cocos2d_libs.xcodeproj */;
			proxyType = 2;
			remoteGlobalIDString = 507B40FD1C31BDD30067B53E;
			remoteInfo = "libcocos2d tvOS";
		};
/* End PBXContainerItemProxy section */

/* Begin PBXFileReference section */
		1ACB3243164770DE00914215 /* libcurl.a */ = {isa = PBXFileReference; lastKnownFileType = archive.ar; name = libcurl.a; path = ../../cocos2dx/platform/third_party/ios/libraries/libcurl.a; sourceTree = "<group>"; };
		1D30AB110D05D00D00671497 /* Foundation.framework */ = {isa = PBXFileReference; lastKnownFileType = wrapper.framework; name = Foundation.framework; path = System/Library/Frameworks/Foundation.framework; sourceTree = SDKROOT; };
		1D6058910D05DD3D006BFB54 /* Pulse-mobile.app */ = {isa = PBXFileReference; explicitFileType = wrapper.application; includeInIndex = 0; path = "Pulse-mobile.app"; sourceTree = BUILT_PRODUCTS_DIR; };
		1DF5F4DF0D08C38300B7A737 /* UIKit.framework */ = {isa = PBXFileReference; lastKnownFileType = wrapper.framework; name = UIKit.framework; path = System/Library/Frameworks/UIKit.framework; sourceTree = SDKROOT; };
		288765A40DF7441C002DB57D /* CoreGraphics.framework */ = {isa = PBXFileReference; lastKnownFileType = wrapper.framework; name = CoreGraphics.framework; path = System/Library/Frameworks/CoreGraphics.framework; sourceTree = SDKROOT; };
		46880B8419C43A87006E1F66 /* AppDelegate.cpp */ = {isa = PBXFileReference; fileEncoding = 4; lastKnownFileType = sourcecode.cpp.cpp; name = AppDelegate.cpp; path = pulse/AppDelegate.cpp; sourceTree = "<group>"; };
		46880B8519C43A87006E1F66 /* AppDelegate.hpp */ = {isa = PBXFileReference; fileEncoding = 4; lastKnownFileType = sourcecode.cpp.h; name = AppDelegate.hpp; path = pulse/AppDelegate.hpp; sourceTree = "<group>"; };
		46880B8619C43A87006E1F66 /* GameScene.cpp */ = {isa = PBXFileReference; fileEncoding = 4; lastKnownFileType = sourcecode.cpp.cpp; name = GameScene.cpp; path = pulse/scenes/GameScene.cpp; sourceTree = "<group>"; };
		46880B8719C43A87006E1F66 /* GameScene.hpp */ = {isa = PBXFileReference; fileEncoding = 4; lastKnownFileType = sourcecode.cpp.h; name = GameScene.hpp; path = pulse/scenes/GameScene.hpp; sourceTree = "<group>"; };
		503AE0F617EB97AB00D1A890 /* Icon.icns */ = {isa = PBXFileReference; lastKnownFileType = image.icns; path = Icon.icns; sourceTree = "<group>"; };
		503AE0F717EB97AB00D1A890 /* Info.plist */ = {isa = PBXFileReference; fileEncoding = 4; lastKnownFileType = text.plist.xml; path = Info.plist; sourceTree = "<group>"; };
		503AE0FA17EB989F00D1A890 /* AppController.h */ = {isa = PBXFileReference; fileEncoding = 4; lastKnownFileType = sourcecode.c.h; name = AppController.h; path = ios/AppController.h; sourceTree = SOURCE_ROOT; };
		503AE0FB17EB989F00D1A890 /* AppController.mm */ = {isa = PBXFileReference; fileEncoding = 4; lastKnownFileType = sourcecode.cpp.objcpp; name = AppController.mm; path = ios/AppController.mm; sourceTree = SOURCE_ROOT; };
		503AE0FC17EB989F00D1A890 /* main.m */ = {isa = PBXFileReference; fileEncoding = 4; lastKnownFileType = sourcecode.c.objc; name = main.m; path = ios/main.m; sourceTree = SOURCE_ROOT; };
		503AE0FD17EB989F00D1A890 /* Prefix.pch */ = {isa = PBXFileReference; fileEncoding = 4; lastKnownFileType = sourcecode.c.h; name = Prefix.pch; path = ios/Prefix.pch; sourceTree = SOURCE_ROOT; };
		503AE0FE17EB989F00D1A890 /* RootViewController.h */ = {isa = PBXFileReference; fileEncoding = 4; lastKnownFileType = sourcecode.c.h; name = RootViewController.h; path = ios/RootViewController.h; sourceTree = SOURCE_ROOT; };
		503AE0FF17EB989F00D1A890 /* RootViewController.mm */ = {isa = PBXFileReference; fileEncoding = 4; lastKnownFileType = sourcecode.cpp.objcpp; name = RootViewController.mm; path = ios/RootViewController.mm; sourceTree = SOURCE_ROOT; };
		503AE10317EB98FF00D1A890 /* main.cpp */ = {isa = PBXFileReference; fileEncoding = 4; lastKnownFileType = sourcecode.cpp.cpp; name = main.cpp; path = mac/main.cpp; sourceTree = "<group>"; };
		503AE10417EB98FF00D1A890 /* Prefix.pch */ = {isa = PBXFileReference; fileEncoding = 4; lastKnownFileType = sourcecode.c.h; name = Prefix.pch; path = mac/Prefix.pch; sourceTree = "<group>"; };
		503AE11117EB99EE00D1A890 /* libcurl.dylib */ = {isa = PBXFileReference; lastKnownFileType = "compiled.mach-o.dylib"; name = libcurl.dylib; path = usr/lib/libcurl.dylib; sourceTree = SDKROOT; };
		503AE11A17EB9C5A00D1A890 /* IOKit.framework */ = {isa = PBXFileReference; lastKnownFileType = wrapper.framework; name = IOKit.framework; path = System/Library/Frameworks/IOKit.framework; sourceTree = SDKROOT; };
		5087E76F17EB910900C73F5D /* Pulse-mobile.app */ = {isa = PBXFileReference; explicitFileType = wrapper.application; includeInIndex = 0; path = "Pulse-mobile.app"; sourceTree = BUILT_PRODUCTS_DIR; };
		5087E77C17EB970100C73F5D /* Info.plist */ = {isa = PBXFileReference; fileEncoding = 4; lastKnownFileType = text.plist; name = Info.plist; path = ios/Info.plist; sourceTree = "<group>"; };
		5087E78817EB974C00C73F5D /* AppKit.framework */ = {isa = PBXFileReference; lastKnownFileType = wrapper.framework; name = AppKit.framework; path = System/Library/Frameworks/AppKit.framework; sourceTree = SDKROOT; };
		5087E78A17EB975400C73F5D /* OpenGL.framework */ = {isa = PBXFileReference; lastKnownFileType = wrapper.framework; name = OpenGL.framework; path = System/Library/Frameworks/OpenGL.framework; sourceTree = SDKROOT; };
		52B47A461A53D09B004E4C60 /* Security.framework */ = {isa = PBXFileReference; lastKnownFileType = wrapper.framework; name = Security.framework; path = Platforms/iPhoneOS.platform/Developer/SDKs/iPhoneOS8.1.sdk/System/Library/Frameworks/Security.framework; sourceTree = DEVELOPER_DIR; };
		81110ECC1CCCA17400BB0C9D /* WrappedSprite.cpp */ = {isa = PBXFileReference; fileEncoding = 4; lastKnownFileType = sourcecode.cpp.cpp; name = WrappedSprite.cpp; path = pulse/sprites/WrappedSprite.cpp; sourceTree = "<group>"; };
		81110ECD1CCCA17400BB0C9D /* WrappedSprite.hpp */ = {isa = PBXFileReference; fileEncoding = 4; lastKnownFileType = sourcecode.cpp.h; name = WrappedSprite.hpp; path = pulse/sprites/WrappedSprite.hpp; sourceTree = "<group>"; };
		81245F641CBA830400CEE0D5 /* libs */ = {isa = PBXFileReference; lastKnownFileType = folder; name = libs; path = ../libs; sourceTree = "<group>"; };
		81253C131CDEBA7D0072DBFD /* RemoveSelfWithCallback.cpp */ = {isa = PBXFileReference; fileEncoding = 4; lastKnownFileType = sourcecode.cpp.cpp; name = RemoveSelfWithCallback.cpp; path = pulse/actions/RemoveSelfWithCallback.cpp; sourceTree = "<group>"; };
		81253C141CDEBA7D0072DBFD /* RemoveSelfWithCallback.hpp */ = {isa = PBXFileReference; fileEncoding = 4; lastKnownFileType = sourcecode.cpp.h; name = RemoveSelfWithCallback.hpp; path = pulse/actions/RemoveSelfWithCallback.hpp; sourceTree = "<group>"; };
		81253C171CDEC7CB0072DBFD /* MirrorSprite.cpp */ = {isa = PBXFileReference; fileEncoding = 4; lastKnownFileType = sourcecode.cpp.cpp; name = MirrorSprite.cpp; path = pulse/sprites/MirrorSprite.cpp; sourceTree = "<group>"; };
		81253C181CDEC7CB0072DBFD /* MirrorSprite.hpp */ = {isa = PBXFileReference; fileEncoding = 4; lastKnownFileType = sourcecode.cpp.h; name = MirrorSprite.hpp; path = pulse/sprites/MirrorSprite.hpp; sourceTree = "<group>"; };
		81253C1B1CDEDD7E0072DBFD /* ObstacleSequence.cpp */ = {isa = PBXFileReference; fileEncoding = 4; lastKnownFileType = sourcecode.cpp.cpp; name = ObstacleSequence.cpp; path = pulse/actions/ObstacleSequence.cpp; sourceTree = "<group>"; };
		81253C1C1CDEDD7E0072DBFD /* ObstacleSequence.hpp */ = {isa = PBXFileReference; fileEncoding = 4; lastKnownFileType = sourcecode.cpp.h; name = ObstacleSequence.hpp; path = pulse/actions/ObstacleSequence.hpp; sourceTree = "<group>"; };
		812BE93D1CB8BCE80038D730 /* audio */ = {isa = PBXFileReference; lastKnownFileType = folder; path = audio; sourceTree = "<group>"; };
		812BE9401CB8BCF60038D730 /* images */ = {isa = PBXFileReference; lastKnownFileType = folder; path = images; sourceTree = "<group>"; };
		812FBDD51D0E643100A712DA /* Player.cpp */ = {isa = PBXFileReference; fileEncoding = 4; lastKnownFileType = sourcecode.cpp.cpp; name = Player.cpp; path = pulse/sprites/Player.cpp; sourceTree = "<group>"; };
		812FBDD61D0E643100A712DA /* Player.hpp */ = {isa = PBXFileReference; fileEncoding = 4; lastKnownFileType = sourcecode.cpp.h; name = Player.hpp; path = pulse/sprites/Player.hpp; sourceTree = "<group>"; };
		81382C1A1CA7E27C003C8EFE /* Logger.hpp */ = {isa = PBXFileReference; lastKnownFileType = sourcecode.cpp.h; name = Logger.hpp; path = pulse/utilities/Logger.hpp; sourceTree = "<group>"; };
		813B51681D0288260023A933 /* GameMode.hpp */ = {isa = PBXFileReference; lastKnownFileType = sourcecode.cpp.h; name = GameMode.hpp; path = pulse/models/GameMode.hpp; sourceTree = "<group>"; };
		81417C6B1D03C0E900A9F5E1 /* Ref.hpp */ = {isa = PBXFileReference; lastKnownFileType = sourcecode.cpp.h; name = Ref.hpp; path = pulse/extensions/Ref.hpp; sourceTree = "<group>"; };
		81417C6C1D03C0FF00A9F5E1 /* Node.hpp */ = {isa = PBXFileReference; lastKnownFileType = sourcecode.cpp.h; name = Node.hpp; path = pulse/extensions/Node.hpp; sourceTree = "<group>"; };
		81417C6D1D03F3BB00A9F5E1 /* Callback.hpp */ = {isa = PBXFileReference; lastKnownFileType = sourcecode.cpp.h; name = Callback.hpp; path = pulse/utilities/Callback.hpp; sourceTree = "<group>"; };
		81417C6F1D04041C00A9F5E1 /* GameState.cpp */ = {isa = PBXFileReference; fileEncoding = 4; lastKnownFileType = sourcecode.cpp.cpp; name = GameState.cpp; path = pulse/models/GameState.cpp; sourceTree = "<group>"; };
		81417C731D041C7500A9F5E1 /* CallbackAfter.hpp */ = {isa = PBXFileReference; fileEncoding = 4; lastKnownFileType = sourcecode.cpp.h; name = CallbackAfter.hpp; path = pulse/actions/CallbackAfter.hpp; sourceTree = "<group>"; };
		81417C761D04209F00A9F5E1 /* Resources.hpp */ = {isa = PBXFileReference; lastKnownFileType = sourcecode.cpp.h; path = Resources.hpp; sourceTree = "<group>"; };
		814B541F1CAFAF7E00ABEB4E /* GameOptions.hpp */ = {isa = PBXFileReference; lastKnownFileType = sourcecode.cpp.h; name = GameOptions.hpp; path = pulse/models/GameOptions.hpp; sourceTree = "<group>"; };
		814B54201CAFB16600ABEB4E /* TimeScale.hpp */ = {isa = PBXFileReference; lastKnownFileType = sourcecode.cpp.h; name = TimeScale.hpp; path = pulse/models/TimeScale.hpp; sourceTree = "<group>"; };
		814FF98C1CB5291C00820727 /* fonts */ = {isa = PBXFileReference; lastKnownFileType = folder; path = fonts; sourceTree = "<group>"; };
		8150E2861D2FADC600398ED5 /* CoreText.framework */ = {isa = PBXFileReference; lastKnownFileType = wrapper.framework; name = CoreText.framework; path = Platforms/iPhoneOS.platform/Developer/SDKs/iPhoneOS9.3.sdk/System/Library/Frameworks/CoreText.framework; sourceTree = DEVELOPER_DIR; };
		81563DE71CBB9E9000B303F9 /* cocos2d_libs.xcodeproj */ = {isa = PBXFileReference; lastKnownFileType = "wrapper.pb-project"; name = cocos2d_libs.xcodeproj; path = ../libs/cocos2d/build/cocos2d_libs.xcodeproj; sourceTree = "<group>"; };
		8163C2F81D1FA606000C5287 /* Animate.hpp */ = {isa = PBXFileReference; lastKnownFileType = sourcecode.cpp.h; name = Animate.hpp; path = pulse/extensions/Animate.hpp; sourceTree = "<group>"; };
		816908C61C9401E10073E4C6 /* Random.hpp */ = {isa = PBXFileReference; lastKnownFileType = sourcecode.cpp.h; name = Random.hpp; path = pulse/utilities/Random.hpp; sourceTree = "<group>"; };
		81775EE51CDF26D80011049C /* FollowedBy.cpp */ = {isa = PBXFileReference; fileEncoding = 4; lastKnownFileType = sourcecode.cpp.cpp; name = FollowedBy.cpp; path = pulse/actions/FollowedBy.cpp; sourceTree = "<group>"; };
		81775EE61CDF26D80011049C /* FollowedBy.hpp */ = {isa = PBXFileReference; fileEncoding = 4; lastKnownFileType = sourcecode.cpp.h; name = FollowedBy.hpp; path = pulse/actions/FollowedBy.hpp; sourceTree = "<group>"; };
		81794FAA1D27748A00124969 /* Score.cpp */ = {isa = PBXFileReference; fileEncoding = 4; lastKnownFileType = sourcecode.cpp.cpp; name = Score.cpp; path = pulse/sprites/Score.cpp; sourceTree = "<group>"; };
		81794FAB1D27748A00124969 /* Score.hpp */ = {isa = PBXFileReference; fileEncoding = 4; lastKnownFileType = sourcecode.cpp.h; name = Score.hpp; path = pulse/sprites/Score.hpp; sourceTree = "<group>"; };
		817B8A3B1CA63961003BE291 /* ObstacleGenerator.cpp */ = {isa = PBXFileReference; fileEncoding = 4; lastKnownFileType = sourcecode.cpp.cpp; name = ObstacleGenerator.cpp; path = pulse/generators/ObstacleGenerator.cpp; sourceTree = "<group>"; };
		817B8A3C1CA63961003BE291 /* ObstacleGenerator.hpp */ = {isa = PBXFileReference; fileEncoding = 4; lastKnownFileType = sourcecode.cpp.h; name = ObstacleGenerator.hpp; path = pulse/generators/ObstacleGenerator.hpp; sourceTree = "<group>"; };
		817B8A3F1CA639F2003BE291 /* Generator.hpp */ = {isa = PBXFileReference; lastKnownFileType = sourcecode.cpp.h; name = Generator.hpp; path = pulse/generators/Generator.hpp; sourceTree = "<group>"; };
		81827DF61CB11AB2009EA6A7 /* Images.xcassets */ = {isa = PBXFileReference; lastKnownFileType = folder.assetcatalog; name = Images.xcassets; path = assets/Images.xcassets; sourceTree = "<group>"; };
		81844CC21CB5010E00C0A1B2 /* Accelerometer.hpp */ = {isa = PBXFileReference; lastKnownFileType = sourcecode.cpp.h; name = Accelerometer.hpp; path = pulse/models/Accelerometer.hpp; sourceTree = "<group>"; };
		81883C041CA6274A00AF5FD5 /* Direction.hpp */ = {isa = PBXFileReference; lastKnownFileType = sourcecode.cpp.h; name = Direction.hpp; path = pulse/2d/Direction.hpp; sourceTree = "<group>"; };
		81886C931CFAD7FE005617F4 /* ModeSelectionScene.cpp */ = {isa = PBXFileReference; fileEncoding = 4; lastKnownFileType = sourcecode.cpp.cpp; name = ModeSelectionScene.cpp; path = pulse/scenes/ModeSelectionScene.cpp; sourceTree = "<group>"; };
		81886C941CFAD7FE005617F4 /* ModeSelectionScene.hpp */ = {isa = PBXFileReference; fileEncoding = 4; lastKnownFileType = sourcecode.cpp.h; name = ModeSelectionScene.hpp; path = pulse/scenes/ModeSelectionScene.hpp; sourceTree = "<group>"; };
		819765AE1CF1548E00DA7534 /* PhysicsScene.cpp */ = {isa = PBXFileReference; fileEncoding = 4; lastKnownFileType = sourcecode.cpp.cpp; name = PhysicsScene.cpp; path = pulse/scenes/PhysicsScene.cpp; sourceTree = "<group>"; };
		819765AF1CF1548E00DA7534 /* PhysicsScene.hpp */ = {isa = PBXFileReference; fileEncoding = 4; lastKnownFileType = sourcecode.cpp.h; name = PhysicsScene.hpp; path = pulse/scenes/PhysicsScene.hpp; sourceTree = "<group>"; };
		819765B31CF1926500DA7534 /* PauseMenuScene.cpp */ = {isa = PBXFileReference; fileEncoding = 4; lastKnownFileType = sourcecode.cpp.cpp; name = PauseMenuScene.cpp; path = pulse/scenes/PauseMenuScene.cpp; sourceTree = "<group>"; };
		819765B41CF1926500DA7534 /* PauseMenuScene.hpp */ = {isa = PBXFileReference; fileEncoding = 4; lastKnownFileType = sourcecode.cpp.h; name = PauseMenuScene.hpp; path = pulse/scenes/PauseMenuScene.hpp; sourceTree = "<group>"; };
		819CEED11D29D71000523321 /* Colour.hpp */ = {isa = PBXFileReference; lastKnownFileType = sourcecode.cpp.h; path = Colour.hpp; sourceTree = "<group>"; };
		819E29531C93C69F00EA3D32 /* BaseScene.hpp */ = {isa = PBXFileReference; lastKnownFileType = sourcecode.cpp.h; name = BaseScene.hpp; path = pulse/scenes/BaseScene.hpp; sourceTree = "<group>"; };
		819E29541C93C8AC00EA3D32 /* BaseScene.cpp */ = {isa = PBXFileReference; fileEncoding = 4; lastKnownFileType = sourcecode.cpp.cpp; name = BaseScene.cpp; path = pulse/scenes/BaseScene.cpp; sourceTree = "<group>"; };
		819E29581C93D4D700EA3D32 /* Column.cpp */ = {isa = PBXFileReference; fileEncoding = 4; lastKnownFileType = sourcecode.cpp.cpp; name = Column.cpp; path = pulse/sprites/Column.cpp; sourceTree = "<group>"; };
		819E29591C93D4D700EA3D32 /* Column.hpp */ = {isa = PBXFileReference; fileEncoding = 4; lastKnownFileType = sourcecode.cpp.h; name = Column.hpp; path = pulse/sprites/Column.hpp; sourceTree = "<group>"; };
		819E39E41C93999E00E74D57 /* Geometry.hpp */ = {isa = PBXFileReference; lastKnownFileType = sourcecode.cpp.h; name = Geometry.hpp; path = pulse/2d/Geometry.hpp; sourceTree = "<group>"; };
		81A319941C94F7C9005708D6 /* Obstacle.cpp */ = {isa = PBXFileReference; fileEncoding = 4; lastKnownFileType = sourcecode.cpp.cpp; name = Obstacle.cpp; path = pulse/sprites/Obstacle.cpp; sourceTree = "<group>"; };
		81A319951C94F7C9005708D6 /* Obstacle.hpp */ = {isa = PBXFileReference; fileEncoding = 4; lastKnownFileType = sourcecode.cpp.h; name = Obstacle.hpp; path = pulse/sprites/Obstacle.hpp; sourceTree = "<group>"; };
		81A7093E1CA8F3B600E51821 /* SpritePhysicsBody.cpp */ = {isa = PBXFileReference; fileEncoding = 4; lastKnownFileType = sourcecode.cpp.cpp; name = SpritePhysicsBody.cpp; path = pulse/sprites/SpritePhysicsBody.cpp; sourceTree = "<group>"; };
		81A7093F1CA8F3B600E51821 /* SpritePhysicsBody.hpp */ = {isa = PBXFileReference; fileEncoding = 4; lastKnownFileType = sourcecode.cpp.h; name = SpritePhysicsBody.hpp; path = pulse/sprites/SpritePhysicsBody.hpp; sourceTree = "<group>"; };
		81A73DFF1CDF0BA50063CB8D /* Vector.hpp */ = {isa = PBXFileReference; lastKnownFileType = sourcecode.cpp.h; name = Vector.hpp; path = pulse/extensions/Vector.hpp; sourceTree = "<group>"; };
		81A76B361CD5F4B400ACA538 /* Acceleration.hpp */ = {isa = PBXFileReference; lastKnownFileType = sourcecode.cpp.h; name = Acceleration.hpp; path = pulse/utilities/Acceleration.hpp; sourceTree = "<group>"; };
		81A8D9DB1C981F2E00A30FB2 /* Rotation.hpp */ = {isa = PBXFileReference; lastKnownFileType = sourcecode.cpp.h; name = Rotation.hpp; path = pulse/2d/Rotation.hpp; sourceTree = "<group>"; };
		81AAFBF01D0EA06A00E70FF7 /* GameOverScene.cpp */ = {isa = PBXFileReference; fileEncoding = 4; lastKnownFileType = sourcecode.cpp.cpp; name = GameOverScene.cpp; path = pulse/scenes/GameOverScene.cpp; sourceTree = "<group>"; };
		81AAFBF11D0EA06A00E70FF7 /* GameOverScene.hpp */ = {isa = PBXFileReference; fileEncoding = 4; lastKnownFileType = sourcecode.cpp.h; name = GameOverScene.hpp; path = pulse/scenes/GameOverScene.hpp; sourceTree = "<group>"; };
		81C44A441CC311D7006D6F0F /* TitleScene.cpp */ = {isa = PBXFileReference; fileEncoding = 4; lastKnownFileType = sourcecode.cpp.cpp; name = TitleScene.cpp; path = pulse/scenes/TitleScene.cpp; sourceTree = "<group>"; };
		81C44A451CC311D7006D6F0F /* TitleScene.hpp */ = {isa = PBXFileReference; fileEncoding = 4; lastKnownFileType = sourcecode.cpp.h; name = TitleScene.hpp; path = pulse/scenes/TitleScene.hpp; sourceTree = "<group>"; };
		81C44A4C1CC31421006D6F0F /* animations */ = {isa = PBXFileReference; lastKnownFileType = folder; path = animations; sourceTree = "<group>"; };
		81C74A061D27A16A0072BEFA /* TextureAllocator.hpp */ = {isa = PBXFileReference; lastKnownFileType = sourcecode.cpp.h; name = TextureAllocator.hpp; path = pulse/utilities/TextureAllocator.hpp; sourceTree = "<group>"; };
		81CAD93D1CACC0440010BA03 /* DeveloperMenuScene.cpp */ = {isa = PBXFileReference; fileEncoding = 4; lastKnownFileType = sourcecode.cpp.cpp; name = DeveloperMenuScene.cpp; path = pulse/scenes/DeveloperMenuScene.cpp; sourceTree = "<group>"; };
		81CAD93E1CACC0440010BA03 /* DeveloperMenuScene.hpp */ = {isa = PBXFileReference; fileEncoding = 4; lastKnownFileType = sourcecode.cpp.h; name = DeveloperMenuScene.hpp; path = pulse/scenes/DeveloperMenuScene.hpp; sourceTree = "<group>"; };
		81D28F901CDD8DF500C09896 /* Font.hpp */ = {isa = PBXFileReference; fileEncoding = 4; lastKnownFileType = sourcecode.cpp.h; path = Font.hpp; sourceTree = "<group>"; };
		81D28F911CDD8DF500C09896 /* MenuSlider.cpp */ = {isa = PBXFileReference; fileEncoding = 4; lastKnownFileType = sourcecode.cpp.cpp; path = MenuSlider.cpp; sourceTree = "<group>"; };
		81D28F921CDD8DF500C09896 /* MenuSlider.hpp */ = {isa = PBXFileReference; fileEncoding = 4; lastKnownFileType = sourcecode.cpp.h; path = MenuSlider.hpp; sourceTree = "<group>"; };
		81D28F961CDD8E5A00C09896 /* MovementSystem.hpp */ = {isa = PBXFileReference; lastKnownFileType = sourcecode.cpp.h; name = MovementSystem.hpp; path = pulse/movement/MovementSystem.hpp; sourceTree = "<group>"; };
		81D28F971CDD8F7D00C09896 /* AccelerometerMovementSystem.cpp */ = {isa = PBXFileReference; fileEncoding = 4; lastKnownFileType = sourcecode.cpp.cpp; name = AccelerometerMovementSystem.cpp; path = pulse/movement/AccelerometerMovementSystem.cpp; sourceTree = "<group>"; };
		81D28F981CDD8F7D00C09896 /* AccelerometerMovementSystem.hpp */ = {isa = PBXFileReference; fileEncoding = 4; lastKnownFileType = sourcecode.cpp.h; name = AccelerometerMovementSystem.hpp; path = pulse/movement/AccelerometerMovementSystem.hpp; sourceTree = "<group>"; };
		81D28F9B1CDDB6A500C09896 /* Vec.hpp */ = {isa = PBXFileReference; lastKnownFileType = sourcecode.cpp.h; name = Vec.hpp; path = pulse/extensions/Vec.hpp; sourceTree = "<group>"; };
		81D28F9C1CDDC18D00C09896 /* particles */ = {isa = PBXFileReference; lastKnownFileType = folder; path = particles; sourceTree = "<group>"; };
		81D28F9F1CDDCB3A00C09896 /* ObstacleIndicator.cpp */ = {isa = PBXFileReference; fileEncoding = 4; lastKnownFileType = sourcecode.cpp.cpp; name = ObstacleIndicator.cpp; path = pulse/sprites/ObstacleIndicator.cpp; sourceTree = "<group>"; };
		81D28FA01CDDCB3A00C09896 /* ObstacleIndicator.hpp */ = {isa = PBXFileReference; fileEncoding = 4; lastKnownFileType = sourcecode.cpp.h; name = ObstacleIndicator.hpp; path = pulse/sprites/ObstacleIndicator.hpp; sourceTree = "<group>"; };
		81D817791CF014B60081C4A1 /* AnimatedBackground.cpp */ = {isa = PBXFileReference; fileEncoding = 4; lastKnownFileType = sourcecode.cpp.cpp; name = AnimatedBackground.cpp; path = pulse/actions/AnimatedBackground.cpp; sourceTree = "<group>"; };
		81D8177A1CF014B60081C4A1 /* AnimatedBackground.hpp */ = {isa = PBXFileReference; fileEncoding = 4; lastKnownFileType = sourcecode.cpp.h; name = AnimatedBackground.hpp; path = pulse/actions/AnimatedBackground.hpp; sourceTree = "<group>"; };
		81D817801CF024910081C4A1 /* Button.cpp */ = {isa = PBXFileReference; fileEncoding = 4; lastKnownFileType = sourcecode.cpp.cpp; path = Button.cpp; sourceTree = "<group>"; };
		81D817811CF024910081C4A1 /* Button.hpp */ = {isa = PBXFileReference; fileEncoding = 4; lastKnownFileType = sourcecode.cpp.h; path = Button.hpp; sourceTree = "<group>"; };
		81DF8E011CB101BA0092FA2B /* ObstaclePhysicsBody.cpp */ = {isa = PBXFileReference; fileEncoding = 4; lastKnownFileType = sourcecode.cpp.cpp; name = ObstaclePhysicsBody.cpp; path = pulse/sprites/ObstaclePhysicsBody.cpp; sourceTree = "<group>"; };
		81DF8E021CB101BA0092FA2B /* ObstaclePhysicsBody.hpp */ = {isa = PBXFileReference; fileEncoding = 4; lastKnownFileType = sourcecode.cpp.h; name = ObstaclePhysicsBody.hpp; path = pulse/sprites/ObstaclePhysicsBody.hpp; sourceTree = "<group>"; };
		81E8AFC11CAD2AC700609D88 /* SplashScene.cpp */ = {isa = PBXFileReference; fileEncoding = 4; lastKnownFileType = sourcecode.cpp.cpp; name = SplashScene.cpp; path = pulse/scenes/SplashScene.cpp; sourceTree = "<group>"; };
		81E8AFC21CAD2AC700609D88 /* SplashScene.hpp */ = {isa = PBXFileReference; fileEncoding = 4; lastKnownFileType = sourcecode.cpp.h; name = SplashScene.hpp; path = pulse/scenes/SplashScene.hpp; sourceTree = "<group>"; };
		81E8F3BD1CD5D9F200DC1689 /* Resolution.cpp */ = {isa = PBXFileReference; fileEncoding = 4; lastKnownFileType = sourcecode.cpp.cpp; name = Resolution.cpp; path = pulse/models/Resolution.cpp; sourceTree = "<group>"; };
		81E8F3BE1CD5D9F200DC1689 /* Resolution.hpp */ = {isa = PBXFileReference; fileEncoding = 4; lastKnownFileType = sourcecode.cpp.h; name = Resolution.hpp; path = pulse/models/Resolution.hpp; sourceTree = "<group>"; };
		81EB56BA1C96365F00BE36A4 /* GameState.hpp */ = {isa = PBXFileReference; lastKnownFileType = sourcecode.cpp.h; name = GameState.hpp; path = pulse/models/GameState.hpp; sourceTree = "<group>"; };
		81F6F9501CCDBA3500222C4F /* Position.hpp */ = {isa = PBXFileReference; lastKnownFileType = sourcecode.cpp.h; name = Position.hpp; path = pulse/2d/Position.hpp; sourceTree = "<group>"; };
		81F6F9511CCDBB3700222C4F /* Rect.hpp */ = {isa = PBXFileReference; lastKnownFileType = sourcecode.cpp.h; name = Rect.hpp; path = pulse/extensions/Rect.hpp; sourceTree = "<group>"; };
		8262943D1AAF051F00CB7CF7 /* Security.framework */ = {isa = PBXFileReference; lastKnownFileType = wrapper.framework; name = Security.framework; path = System/Library/Frameworks/Security.framework; sourceTree = SDKROOT; };
		BF170DB012928DE900B8313A /* OpenGLES.framework */ = {isa = PBXFileReference; lastKnownFileType = wrapper.framework; name = OpenGLES.framework; path = System/Library/Frameworks/OpenGLES.framework; sourceTree = SDKROOT; };
		BF170DB412928DE900B8313A /* libz.dylib */ = {isa = PBXFileReference; lastKnownFileType = "compiled.mach-o.dylib"; name = libz.dylib; path = usr/lib/libz.dylib; sourceTree = SDKROOT; };
		BF1C47EA1293683800B63C5D /* QuartzCore.framework */ = {isa = PBXFileReference; lastKnownFileType = wrapper.framework; name = QuartzCore.framework; path = System/Library/Frameworks/QuartzCore.framework; sourceTree = SDKROOT; };
		D44C620B132DFF330009C878 /* OpenAL.framework */ = {isa = PBXFileReference; lastKnownFileType = wrapper.framework; name = OpenAL.framework; path = System/Library/Frameworks/OpenAL.framework; sourceTree = SDKROOT; };
		D44C620D132DFF430009C878 /* AVFoundation.framework */ = {isa = PBXFileReference; lastKnownFileType = wrapper.framework; name = AVFoundation.framework; path = System/Library/Frameworks/AVFoundation.framework; sourceTree = SDKROOT; };
		D44C620F132DFF4E0009C878 /* AudioToolbox.framework */ = {isa = PBXFileReference; lastKnownFileType = wrapper.framework; name = AudioToolbox.framework; path = System/Library/Frameworks/AudioToolbox.framework; sourceTree = SDKROOT; };
		D6B0611A1803AB670077942B /* CoreMotion.framework */ = {isa = PBXFileReference; lastKnownFileType = wrapper.framework; name = CoreMotion.framework; path = Platforms/iPhoneOS.platform/Developer/SDKs/iPhoneOS7.0.sdk/System/Library/Frameworks/CoreMotion.framework; sourceTree = DEVELOPER_DIR; };
		ED545A7B1B68A1F400C3958E /* libiconv.dylib */ = {isa = PBXFileReference; lastKnownFileType = "compiled.mach-o.dylib"; name = libiconv.dylib; path = Platforms/iPhoneOS.platform/Developer/SDKs/iPhoneOS8.4.sdk/usr/lib/libiconv.dylib; sourceTree = DEVELOPER_DIR; };
		ED545A7D1B68A1FA00C3958E /* libiconv.dylib */ = {isa = PBXFileReference; lastKnownFileType = "compiled.mach-o.dylib"; name = libiconv.dylib; path = usr/lib/libiconv.dylib; sourceTree = SDKROOT; };
/* End PBXFileReference section */

/* Begin PBXFrameworksBuildPhase section */
		1D60588F0D05DD3D006BFB54 /* Frameworks */ = {
			isa = PBXFrameworksBuildPhase;
			buildActionMask = 2147483647;
			files = (
				8150E2871D2FADC600398ED5 /* CoreText.framework in Frameworks */,
				81563DF21CBB9ED200B303F9 /* libcocos2d iOS.a in Frameworks */,
				ED545A7C1B68A1F400C3958E /* libiconv.dylib in Frameworks */,
				52B47A471A53D09C004E4C60 /* Security.framework in Frameworks */,
				D6B0611B1803AB670077942B /* CoreMotion.framework in Frameworks */,
				1D60589F0D05DD5A006BFB54 /* Foundation.framework in Frameworks */,
				1DF5F4E00D08C38300B7A737 /* UIKit.framework in Frameworks */,
				288765A50DF7441C002DB57D /* CoreGraphics.framework in Frameworks */,
				BF171245129291EC00B8313A /* OpenGLES.framework in Frameworks */,
				BF1712471292920000B8313A /* libz.dylib in Frameworks */,
				BF1C47F01293687400B63C5D /* QuartzCore.framework in Frameworks */,
				D44C620C132DFF330009C878 /* OpenAL.framework in Frameworks */,
				D44C620E132DFF430009C878 /* AVFoundation.framework in Frameworks */,
				D44C6210132DFF4E0009C878 /* AudioToolbox.framework in Frameworks */,
			);
			runOnlyForDeploymentPostprocessing = 0;
		};
		5087E75C17EB910900C73F5D /* Frameworks */ = {
			isa = PBXFrameworksBuildPhase;
			buildActionMask = 2147483647;
			files = (
				81563DF51CBB9EE200B303F9 /* libcocos2d Mac.a in Frameworks */,
				ED545A7E1B68A1FA00C3958E /* libiconv.dylib in Frameworks */,
				5087E76717EB910900C73F5D /* libz.dylib in Frameworks */,
				8262943E1AAF051F00CB7CF7 /* Security.framework in Frameworks */,
				503AE11B17EB9C5A00D1A890 /* IOKit.framework in Frameworks */,
				5087E78B17EB975400C73F5D /* OpenGL.framework in Frameworks */,
				5087E78917EB974C00C73F5D /* AppKit.framework in Frameworks */,
				5087E76317EB910900C73F5D /* Foundation.framework in Frameworks */,
				5087E76817EB910900C73F5D /* QuartzCore.framework in Frameworks */,
				5087E76917EB910900C73F5D /* OpenAL.framework in Frameworks */,
				5087E76A17EB910900C73F5D /* AVFoundation.framework in Frameworks */,
				5087E76B17EB910900C73F5D /* AudioToolbox.framework in Frameworks */,
			);
			runOnlyForDeploymentPostprocessing = 0;
		};
/* End PBXFrameworksBuildPhase section */

/* Begin PBXGroup section */
		080E96DDFE201D6D7F000001 /* ios */ = {
			isa = PBXGroup;
			children = (
				5087E77C17EB970100C73F5D /* Info.plist */,
				5087E77117EB970100C73F5D /* assets */,
				503AE0FA17EB989F00D1A890 /* AppController.h */,
				503AE0FB17EB989F00D1A890 /* AppController.mm */,
				503AE0FC17EB989F00D1A890 /* main.m */,
				503AE0FD17EB989F00D1A890 /* Prefix.pch */,
				503AE0FE17EB989F00D1A890 /* RootViewController.h */,
				503AE0FF17EB989F00D1A890 /* RootViewController.mm */,
			);
			name = ios;
			path = src;
			sourceTree = "<group>";
		};
		19C28FACFE9D520D11CA2CBB /* Products */ = {
			isa = PBXGroup;
			children = (
				1D6058910D05DD3D006BFB54 /* Pulse-mobile.app */,
				5087E76F17EB910900C73F5D /* Pulse-mobile.app */,
			);
			name = Products;
			sourceTree = "<group>";
		};
		29B97314FDCFA39411CA2CEA /* CustomTemplate */ = {
			isa = PBXGroup;
			children = (
				29B97323FDCFA39411CA2CEA /* Frameworks */,
				19C28FACFE9D520D11CA2CBB /* Products */,
				080E96DDFE201D6D7F000001 /* ios */,
				503AE10617EB990700D1A890 /* mac */,
				46880B7519C43A67006E1F66 /* resources */,
				46880B8319C43A87006E1F66 /* src */,
				81245F641CBA830400CEE0D5 /* libs */,
			);
			name = CustomTemplate;
			sourceTree = "<group>";
		};
		29B97323FDCFA39411CA2CEA /* Frameworks */ = {
			isa = PBXGroup;
			children = (
				8150E2861D2FADC600398ED5 /* CoreText.framework */,
				81563DE71CBB9E9000B303F9 /* cocos2d_libs.xcodeproj */,
				ED545A7D1B68A1FA00C3958E /* libiconv.dylib */,
				ED545A7B1B68A1F400C3958E /* libiconv.dylib */,
				8262943D1AAF051F00CB7CF7 /* Security.framework */,
				52B47A461A53D09B004E4C60 /* Security.framework */,
				D6B0611A1803AB670077942B /* CoreMotion.framework */,
				503AE11A17EB9C5A00D1A890 /* IOKit.framework */,
				503AE11117EB99EE00D1A890 /* libcurl.dylib */,
				5087E78A17EB975400C73F5D /* OpenGL.framework */,
				5087E78817EB974C00C73F5D /* AppKit.framework */,
				1ACB3243164770DE00914215 /* libcurl.a */,
				BF170DB412928DE900B8313A /* libz.dylib */,
				D44C620F132DFF4E0009C878 /* AudioToolbox.framework */,
				D44C620D132DFF430009C878 /* AVFoundation.framework */,
				288765A40DF7441C002DB57D /* CoreGraphics.framework */,
				1D30AB110D05D00D00671497 /* Foundation.framework */,
				D44C620B132DFF330009C878 /* OpenAL.framework */,
				BF170DB012928DE900B8313A /* OpenGLES.framework */,
				BF1C47EA1293683800B63C5D /* QuartzCore.framework */,
				1DF5F4DF0D08C38300B7A737 /* UIKit.framework */,
			);
			name = Frameworks;
			sourceTree = "<group>";
		};
		46880B7519C43A67006E1F66 /* resources */ = {
			isa = PBXGroup;
			children = (
				81C44A4C1CC31421006D6F0F /* animations */,
				812BE93D1CB8BCE80038D730 /* audio */,
				814FF98C1CB5291C00820727 /* fonts */,
				812BE9401CB8BCF60038D730 /* images */,
				81D28F9C1CDDC18D00C09896 /* particles */,
			);
			name = resources;
			path = ../resources;
			sourceTree = "<group>";
		};
		46880B8319C43A87006E1F66 /* src */ = {
			isa = PBXGroup;
			children = (
				8135B3FD1D14CAC5002D3BFF /* 2d */,
				81253C0E1CDEB2C70072DBFD /* actions */,
				46880B8419C43A87006E1F66 /* AppDelegate.cpp */,
				46880B8519C43A87006E1F66 /* AppDelegate.hpp */,
				81417C691D03BF4B00A9F5E1 /* extensions */,
				817B8A3A1CA63942003BE291 /* generators */,
				81EB56B91C96364200BE36A4 /* models */,
				81D28F951CDD8E3100C09896 /* movement */,
				819E29511C93C60000EA3D32 /* scenes */,
				819E29571C93D49600EA3D32 /* sprites */,
				81D28F8F1CDD8DF500C09896 /* ui */,
				819E29521C93C60E00EA3D32 /* utilities */,
			);
			name = src;
			path = ../src;
			sourceTree = "<group>";
		};
		503AE0F517EB97AB00D1A890 /* Icons */ = {
			isa = PBXGroup;
			children = (
				503AE0F617EB97AB00D1A890 /* Icon.icns */,
				503AE0F717EB97AB00D1A890 /* Info.plist */,
			);
			name = Icons;
			path = mac;
			sourceTree = SOURCE_ROOT;
		};
		503AE10617EB990700D1A890 /* mac */ = {
			isa = PBXGroup;
			children = (
				503AE0F517EB97AB00D1A890 /* Icons */,
				503AE10317EB98FF00D1A890 /* main.cpp */,
				503AE10417EB98FF00D1A890 /* Prefix.pch */,
			);
			name = mac;
			sourceTree = "<group>";
		};
		5087E77117EB970100C73F5D /* assets */ = {
			isa = PBXGroup;
			children = (
				81827DF61CB11AB2009EA6A7 /* Images.xcassets */,
			);
			name = assets;
			path = ios;
			sourceTree = SOURCE_ROOT;
		};
		81253C0E1CDEB2C70072DBFD /* actions */ = {
			isa = PBXGroup;
			children = (
				81D817791CF014B60081C4A1 /* AnimatedBackground.cpp */,
				81D8177A1CF014B60081C4A1 /* AnimatedBackground.hpp */,
				81417C731D041C7500A9F5E1 /* CallbackAfter.hpp */,
				81775EE51CDF26D80011049C /* FollowedBy.cpp */,
				81775EE61CDF26D80011049C /* FollowedBy.hpp */,
				81253C1B1CDEDD7E0072DBFD /* ObstacleSequence.cpp */,
				81253C1C1CDEDD7E0072DBFD /* ObstacleSequence.hpp */,
				81253C131CDEBA7D0072DBFD /* RemoveSelfWithCallback.cpp */,
				81253C141CDEBA7D0072DBFD /* RemoveSelfWithCallback.hpp */,
			);
			name = actions;
			sourceTree = "<group>";
		};
		8135B3FD1D14CAC5002D3BFF /* 2d */ = {
			isa = PBXGroup;
			children = (
				81883C041CA6274A00AF5FD5 /* Direction.hpp */,
				819E39E41C93999E00E74D57 /* Geometry.hpp */,
				81F6F9501CCDBA3500222C4F /* Position.hpp */,
				81A8D9DB1C981F2E00A30FB2 /* Rotation.hpp */,
			);
			name = 2d;
			sourceTree = "<group>";
		};
		81417C691D03BF4B00A9F5E1 /* extensions */ = {
			isa = PBXGroup;
			children = (
				8163C2F81D1FA606000C5287 /* Animate.hpp */,
				81417C6C1D03C0FF00A9F5E1 /* Node.hpp */,
				81F6F9511CCDBB3700222C4F /* Rect.hpp */,
				81417C6B1D03C0E900A9F5E1 /* Ref.hpp */,
				81D28F9B1CDDB6A500C09896 /* Vec.hpp */,
				81A73DFF1CDF0BA50063CB8D /* Vector.hpp */,
			);
			name = extensions;
			sourceTree = "<group>";
		};
		81563DE81CBB9E9000B303F9 /* Products */ = {
			isa = PBXGroup;
			children = (
				81563DED1CBB9E9000B303F9 /* libcocos2d Mac.a */,
				81563DEF1CBB9E9000B303F9 /* libcocos2d iOS.a */,
				81D8177F1CF014B60081C4A1 /* libcocos2d tvOS.a */,
			);
			name = Products;
			sourceTree = "<group>";
		};
		817B8A3A1CA63942003BE291 /* generators */ = {
			isa = PBXGroup;
			children = (
				817B8A3F1CA639F2003BE291 /* Generator.hpp */,
				817B8A3B1CA63961003BE291 /* ObstacleGenerator.cpp */,
				817B8A3C1CA63961003BE291 /* ObstacleGenerator.hpp */,
			);
			name = generators;
			sourceTree = "<group>";
		};
		819E29511C93C60000EA3D32 /* scenes */ = {
			isa = PBXGroup;
			children = (
				819E29541C93C8AC00EA3D32 /* BaseScene.cpp */,
				819E29531C93C69F00EA3D32 /* BaseScene.hpp */,
				81CAD93D1CACC0440010BA03 /* DeveloperMenuScene.cpp */,
				81CAD93E1CACC0440010BA03 /* DeveloperMenuScene.hpp */,
				81AAFBF01D0EA06A00E70FF7 /* GameOverScene.cpp */,
				81AAFBF11D0EA06A00E70FF7 /* GameOverScene.hpp */,
				46880B8619C43A87006E1F66 /* GameScene.cpp */,
				46880B8719C43A87006E1F66 /* GameScene.hpp */,
				81886C931CFAD7FE005617F4 /* ModeSelectionScene.cpp */,
				81886C941CFAD7FE005617F4 /* ModeSelectionScene.hpp */,
				819765B31CF1926500DA7534 /* PauseMenuScene.cpp */,
				819765B41CF1926500DA7534 /* PauseMenuScene.hpp */,
				819765AE1CF1548E00DA7534 /* PhysicsScene.cpp */,
				819765AF1CF1548E00DA7534 /* PhysicsScene.hpp */,
				81E8AFC11CAD2AC700609D88 /* SplashScene.cpp */,
				81E8AFC21CAD2AC700609D88 /* SplashScene.hpp */,
				81C44A441CC311D7006D6F0F /* TitleScene.cpp */,
				81C44A451CC311D7006D6F0F /* TitleScene.hpp */,
			);
			name = scenes;
			sourceTree = "<group>";
		};
		819E29521C93C60E00EA3D32 /* utilities */ = {
			isa = PBXGroup;
			children = (
				81A76B361CD5F4B400ACA538 /* Acceleration.hpp */,
				81417C6D1D03F3BB00A9F5E1 /* Callback.hpp */,
				81382C1A1CA7E27C003C8EFE /* Logger.hpp */,
				816908C61C9401E10073E4C6 /* Random.hpp */,
				81C74A061D27A16A0072BEFA /* TextureAllocator.hpp */,
			);
			name = utilities;
			sourceTree = "<group>";
		};
		819E29571C93D49600EA3D32 /* sprites */ = {
			isa = PBXGroup;
			children = (
				819E29581C93D4D700EA3D32 /* Column.cpp */,
				819E29591C93D4D700EA3D32 /* Column.hpp */,
				81253C171CDEC7CB0072DBFD /* MirrorSprite.cpp */,
				81253C181CDEC7CB0072DBFD /* MirrorSprite.hpp */,
				81A319941C94F7C9005708D6 /* Obstacle.cpp */,
				81A319951C94F7C9005708D6 /* Obstacle.hpp */,
				81D28F9F1CDDCB3A00C09896 /* ObstacleIndicator.cpp */,
				81D28FA01CDDCB3A00C09896 /* ObstacleIndicator.hpp */,
				81DF8E011CB101BA0092FA2B /* ObstaclePhysicsBody.cpp */,
				81DF8E021CB101BA0092FA2B /* ObstaclePhysicsBody.hpp */,
				812FBDD51D0E643100A712DA /* Player.cpp */,
				812FBDD61D0E643100A712DA /* Player.hpp */,
				81794FAA1D27748A00124969 /* Score.cpp */,
				81794FAB1D27748A00124969 /* Score.hpp */,
				81A7093E1CA8F3B600E51821 /* SpritePhysicsBody.cpp */,
				81A7093F1CA8F3B600E51821 /* SpritePhysicsBody.hpp */,
				81110ECC1CCCA17400BB0C9D /* WrappedSprite.cpp */,
				81110ECD1CCCA17400BB0C9D /* WrappedSprite.hpp */,
			);
			name = sprites;
			sourceTree = "<group>";
		};
		81D28F8F1CDD8DF500C09896 /* ui */ = {
			isa = PBXGroup;
			children = (
				81D817801CF024910081C4A1 /* Button.cpp */,
				81D817811CF024910081C4A1 /* Button.hpp */,
				819CEED11D29D71000523321 /* Colour.hpp */,
				81D28F901CDD8DF500C09896 /* Font.hpp */,
				81D28F911CDD8DF500C09896 /* MenuSlider.cpp */,
				81D28F921CDD8DF500C09896 /* MenuSlider.hpp */,
				81417C761D04209F00A9F5E1 /* Resources.hpp */,
			);
			name = ui;
			path = pulse/ui;
			sourceTree = "<group>";
		};
		81D28F951CDD8E3100C09896 /* movement */ = {
			isa = PBXGroup;
			children = (
				81D28F961CDD8E5A00C09896 /* MovementSystem.hpp */,
				81D28F971CDD8F7D00C09896 /* AccelerometerMovementSystem.cpp */,
				81D28F981CDD8F7D00C09896 /* AccelerometerMovementSystem.hpp */,
			);
			name = movement;
			sourceTree = "<group>";
		};
		81EB56B91C96364200BE36A4 /* models */ = {
			isa = PBXGroup;
			children = (
				81844CC21CB5010E00C0A1B2 /* Accelerometer.hpp */,
				813B51681D0288260023A933 /* GameMode.hpp */,
				814B541F1CAFAF7E00ABEB4E /* GameOptions.hpp */,
				81417C6F1D04041C00A9F5E1 /* GameState.cpp */,
				81EB56BA1C96365F00BE36A4 /* GameState.hpp */,
				81E8F3BD1CD5D9F200DC1689 /* Resolution.cpp */,
				81E8F3BE1CD5D9F200DC1689 /* Resolution.hpp */,
				814B54201CAFB16600ABEB4E /* TimeScale.hpp */,
			);
			name = models;
			sourceTree = "<group>";
		};
/* End PBXGroup section */

/* Begin PBXNativeTarget section */
		1D6058900D05DD3D006BFB54 /* Pulse-mobile */ = {
			isa = PBXNativeTarget;
			buildConfigurationList = 1D6058960D05DD3E006BFB54 /* Build configuration list for PBXNativeTarget "Pulse-mobile" */;
			buildPhases = (
				1D60588D0D05DD3D006BFB54 /* Resources */,
				1D60588E0D05DD3D006BFB54 /* Sources */,
				1D60588F0D05DD3D006BFB54 /* Frameworks */,
			);
			buildRules = (
			);
			dependencies = (
				81563DF11CBB9ECC00B303F9 /* PBXTargetDependency */,
			);
			name = "Pulse-mobile";
			productName = iphone;
			productReference = 1D6058910D05DD3D006BFB54 /* Pulse-mobile.app */;
			productType = "com.apple.product-type.application";
		};
		5087E73D17EB910900C73F5D /* Pulse-desktop */ = {
			isa = PBXNativeTarget;
			buildConfigurationList = 5087E76C17EB910900C73F5D /* Build configuration list for PBXNativeTarget "Pulse-desktop" */;
			buildPhases = (
				5087E74817EB910900C73F5D /* Resources */,
				5087E75617EB910900C73F5D /* Sources */,
				5087E75C17EB910900C73F5D /* Frameworks */,
			);
			buildRules = (
			);
			dependencies = (
				81563DF41CBB9EDB00B303F9 /* PBXTargetDependency */,
			);
			name = "Pulse-desktop";
			productName = iphone;
			productReference = 5087E76F17EB910900C73F5D /* Pulse-mobile.app */;
			productType = "com.apple.product-type.application";
		};
/* End PBXNativeTarget section */

/* Begin PBXProject section */
		29B97313FDCFA39411CA2CEA /* Project object */ = {
			isa = PBXProject;
			attributes = {
				LastUpgradeCheck = 0720;
				TargetAttributes = {
					1D6058900D05DD3D006BFB54 = {
						DevelopmentTeam = XHJG8KJBE5;
					};
				};
			};
			buildConfigurationList = C01FCF4E08A954540054247B /* Build configuration list for PBXProject "Pulse" */;
			compatibilityVersion = "Xcode 3.2";
			developmentRegion = English;
			hasScannedForEncodings = 1;
			knownRegions = (
				English,
				Japanese,
				French,
				German,
			);
			mainGroup = 29B97314FDCFA39411CA2CEA /* CustomTemplate */;
			projectDirPath = "";
			projectReferences = (
				{
					ProductGroup = 81563DE81CBB9E9000B303F9 /* Products */;
					ProjectRef = 81563DE71CBB9E9000B303F9 /* cocos2d_libs.xcodeproj */;
				},
			);
			projectRoot = "";
			targets = (
				1D6058900D05DD3D006BFB54 /* Pulse-mobile */,
				5087E73D17EB910900C73F5D /* Pulse-desktop */,
			);
		};
/* End PBXProject section */

/* Begin PBXReferenceProxy section */
		81563DED1CBB9E9000B303F9 /* libcocos2d Mac.a */ = {
			isa = PBXReferenceProxy;
			fileType = archive.ar;
			path = "libcocos2d Mac.a";
			remoteRef = 81563DEC1CBB9E9000B303F9 /* PBXContainerItemProxy */;
			sourceTree = BUILT_PRODUCTS_DIR;
		};
		81563DEF1CBB9E9000B303F9 /* libcocos2d iOS.a */ = {
			isa = PBXReferenceProxy;
			fileType = archive.ar;
			path = "libcocos2d iOS.a";
			remoteRef = 81563DEE1CBB9E9000B303F9 /* PBXContainerItemProxy */;
			sourceTree = BUILT_PRODUCTS_DIR;
		};
		81D8177F1CF014B60081C4A1 /* libcocos2d tvOS.a */ = {
			isa = PBXReferenceProxy;
			fileType = archive.ar;
			path = "libcocos2d tvOS.a";
			remoteRef = 81D8177E1CF014B60081C4A1 /* PBXContainerItemProxy */;
			sourceTree = BUILT_PRODUCTS_DIR;
		};
/* End PBXReferenceProxy section */

/* Begin PBXResourcesBuildPhase section */
		1D60588D0D05DD3D006BFB54 /* Resources */ = {
			isa = PBXResourcesBuildPhase;
			buildActionMask = 2147483647;
			files = (
				812BE9411CB8BCF60038D730 /* images in Resources */,
				812BE93E1CB8BCE80038D730 /* audio in Resources */,
				81C44A4D1CC31421006D6F0F /* animations in Resources */,
				81D28F9D1CDDC18D00C09896 /* particles in Resources */,
				814FF98D1CB5291C00820727 /* fonts in Resources */,
				81827DF71CB11AB2009EA6A7 /* Images.xcassets in Resources */,
			);
			runOnlyForDeploymentPostprocessing = 0;
		};
		5087E74817EB910900C73F5D /* Resources */ = {
			isa = PBXResourcesBuildPhase;
			buildActionMask = 2147483647;
			files = (
				812BE9421CB8BCF60038D730 /* images in Resources */,
				503AE0F817EB97AB00D1A890 /* Icon.icns in Resources */,
				81C44A4E1CC31421006D6F0F /* animations in Resources */,
				81D28F9E1CDDC18D00C09896 /* particles in Resources */,
				812BE93F1CB8BCE80038D730 /* audio in Resources */,
				812BE94E1CB8D30D0038D730 /* fonts in Resources */,
			);
			runOnlyForDeploymentPostprocessing = 0;
		};
/* End PBXResourcesBuildPhase section */

/* Begin PBXSourcesBuildPhase section */
		1D60588E0D05DD3D006BFB54 /* Sources */ = {
			isa = PBXSourcesBuildPhase;
			buildActionMask = 2147483647;
			files = (
				81D817821CF024910081C4A1 /* Button.cpp in Sources */,
				81775EE71CDF26D80011049C /* FollowedBy.cpp in Sources */,
				81D28F991CDD8F7D00C09896 /* AccelerometerMovementSystem.cpp in Sources */,
				81253C1D1CDEDD7E0072DBFD /* ObstacleSequence.cpp in Sources */,
				503AE10017EB989F00D1A890 /* AppController.mm in Sources */,
				46880B8819C43A87006E1F66 /* AppDelegate.cpp in Sources */,
				819765B51CF1926500DA7534 /* PauseMenuScene.cpp in Sources */,
				81253C151CDEBA7D0072DBFD /* RemoveSelfWithCallback.cpp in Sources */,
				81886C951CFAD7FE005617F4 /* ModeSelectionScene.cpp in Sources */,
				819E295A1C93D4D700EA3D32 /* Column.cpp in Sources */,
				81CAD93F1CACC0440010BA03 /* DeveloperMenuScene.cpp in Sources */,
				819E29551C93C8AC00EA3D32 /* BaseScene.cpp in Sources */,
				503AE10117EB989F00D1A890 /* main.m in Sources */,
				81417C701D04041C00A9F5E1 /* GameState.cpp in Sources */,
				812FBDD71D0E643100A712DA /* Player.cpp in Sources */,
				81D28F931CDD8DF500C09896 /* MenuSlider.cpp in Sources */,
				81A319961C94F7C9005708D6 /* Obstacle.cpp in Sources */,
				81AAFBF21D0EA06A00E70FF7 /* GameOverScene.cpp in Sources */,
				817B8A3D1CA63961003BE291 /* ObstacleGenerator.cpp in Sources */,
				81253C191CDEC7CB0072DBFD /* MirrorSprite.cpp in Sources */,
				81DF8E031CB101BA0092FA2B /* ObstaclePhysicsBody.cpp in Sources */,
				46880B8A19C43A87006E1F66 /* GameScene.cpp in Sources */,
				81794FAC1D27748A00124969 /* Score.cpp in Sources */,
				81E8F3BF1CD5D9F200DC1689 /* Resolution.cpp in Sources */,
				819765B01CF1548E00DA7534 /* PhysicsScene.cpp in Sources */,
				503AE10217EB989F00D1A890 /* RootViewController.mm in Sources */,
				81D8177B1CF014B60081C4A1 /* AnimatedBackground.cpp in Sources */,
				812BE9431CB8BF9F0038D730 /* SplashScene.cpp in Sources */,
				81A709401CA8F3B600E51821 /* SpritePhysicsBody.cpp in Sources */,
				81C44A461CC311D7006D6F0F /* TitleScene.cpp in Sources */,
				81110ECE1CCCA17400BB0C9D /* WrappedSprite.cpp in Sources */,
				81D28FA11CDDCB3A00C09896 /* ObstacleIndicator.cpp in Sources */,
			);
			runOnlyForDeploymentPostprocessing = 0;
		};
		5087E75617EB910900C73F5D /* Sources */ = {
			isa = PBXSourcesBuildPhase;
			buildActionMask = 2147483647;
			files = (
				46880B8919C43A87006E1F66 /* AppDelegate.cpp in Sources */,
				819E295B1C93D4D700EA3D32 /* Column.cpp in Sources */,
				81D8177C1CF014B60081C4A1 /* AnimatedBackground.cpp in Sources */,
				81CAD9401CACC0440010BA03 /* DeveloperMenuScene.cpp in Sources */,
				81253C1A1CDEC7CB0072DBFD /* MirrorSprite.cpp in Sources */,
				819E29561C93C8AC00EA3D32 /* BaseScene.cpp in Sources */,
				503AE10517EB98FF00D1A890 /* main.cpp in Sources */,
				81417C711D04041C00A9F5E1 /* GameState.cpp in Sources */,
				812FBDD81D0E643100A712DA /* Player.cpp in Sources */,
				81A319971C94F7C9005708D6 /* Obstacle.cpp in Sources */,
				81AAFBF31D0EA06A00E70FF7 /* GameOverScene.cpp in Sources */,
				819765B61CF1926500DA7534 /* PauseMenuScene.cpp in Sources */,
				81253C1E1CDEDD7E0072DBFD /* ObstacleSequence.cpp in Sources */,
				81D28FA21CDDCB3A00C09896 /* ObstacleIndicator.cpp in Sources */,
				819765B11CF1548E00DA7534 /* PhysicsScene.cpp in Sources */,
				817B8A3E1CA63961003BE291 /* ObstacleGenerator.cpp in Sources */,
				81775EE81CDF26D80011049C /* FollowedBy.cpp in Sources */,
				81253C161CDEBA7D0072DBFD /* RemoveSelfWithCallback.cpp in Sources */,
				81794FAD1D27748A00124969 /* Score.cpp in Sources */,
				81110ECF1CCCA17400BB0C9D /* WrappedSprite.cpp in Sources */,
				81DF8E041CB101BA0092FA2B /* ObstaclePhysicsBody.cpp in Sources */,
				81D817831CF024910081C4A1 /* Button.cpp in Sources */,
				81886C961CFAD7FE005617F4 /* ModeSelectionScene.cpp in Sources */,
				46880B8B19C43A87006E1F66 /* GameScene.cpp in Sources */,
				81D28F941CDD8DF500C09896 /* MenuSlider.cpp in Sources */,
				81D28F9A1CDD8F7D00C09896 /* AccelerometerMovementSystem.cpp in Sources */,
				81E8F3C01CD5D9F200DC1689 /* Resolution.cpp in Sources */,
				812BE9441CB8C0040038D730 /* SplashScene.cpp in Sources */,
				81A709411CA8F3B600E51821 /* SpritePhysicsBody.cpp in Sources */,
				81C44A471CC311D7006D6F0F /* TitleScene.cpp in Sources */,
			);
			runOnlyForDeploymentPostprocessing = 0;
		};
/* End PBXSourcesBuildPhase section */

/* Begin PBXTargetDependency section */
		81563DF11CBB9ECC00B303F9 /* PBXTargetDependency */ = {
			isa = PBXTargetDependency;
			name = "libcocos2d iOS";
			targetProxy = 81563DF01CBB9ECC00B303F9 /* PBXContainerItemProxy */;
		};
		81563DF41CBB9EDB00B303F9 /* PBXTargetDependency */ = {
			isa = PBXTargetDependency;
			name = "libcocos2d Mac";
			targetProxy = 81563DF31CBB9EDB00B303F9 /* PBXContainerItemProxy */;
		};
/* End PBXTargetDependency section */

/* Begin XCBuildConfiguration section */
		1D6058940D05DD3E006BFB54 /* Debug */ = {
			isa = XCBuildConfiguration;
			buildSettings = {
				ALWAYS_SEARCH_USER_PATHS = YES;
				ASSETCATALOG_COMPILER_APPICON_NAME = AppIcon;
				ASSETCATALOG_COMPILER_LAUNCHIMAGE_NAME = "Brand Assets";
				CLANG_WARN_CXX0X_EXTENSIONS = YES;
				CODE_SIGN_IDENTITY = "iPhone Developer";
				"CODE_SIGN_IDENTITY[sdk=iphoneos*]" = "iPhone Developer";
				COMPRESS_PNG_FILES = NO;
				ENABLE_BITCODE = NO;
				GCC_DYNAMIC_NO_PIC = NO;
				GCC_INLINES_ARE_PRIVATE_EXTERN = NO;
				GCC_PRECOMPILE_PREFIX_HEADER = YES;
				GCC_PREFIX_HEADER = ios/Prefix.pch;
				GCC_PREPROCESSOR_DEFINITIONS = (
					USE_FILE32API,
					CC_TARGET_OS_IPHONE,
					"COCOS2D_DEBUG=1",
					"CC_ENABLE_CHIPMUNK_INTEGRATION=1",
				);
				GCC_SYMBOLS_PRIVATE_EXTERN = NO;
				HEADER_SEARCH_PATHS = (
					"$(inherited)",
					"$(SRCROOT)/../libs/cocos2d/cocos/platform/ios",
					"$(SRCROOT)/../libs/cocos2d/cocos/platform/ios/Simulation",
				);
				INFOPLIST_FILE = ios/Info.plist;
				LIBRARY_SEARCH_PATHS = "";
				OTHER_LDFLAGS = (
					"$(_COCOS_LIB_IOS_BEGIN)",
					"$(_COCOS_LIB_IOS_END)",
				);
				PRODUCT_BUNDLE_IDENTIFIER = com.tandem.pulse;
				PRODUCT_NAME = "Pulse-mobile";
				PROVISIONING_PROFILE = "";
				SDKROOT = iphoneos;
				STRIP_PNG_TEXT = NO;
				TARGETED_DEVICE_FAMILY = "1,2";
				USER_HEADER_SEARCH_PATHS = "$(_COCOS_HEADER_IOS_BEGIN) $(_COCOS_HEADER_IOS_END)";
				VALID_ARCHS = "arm64 armv7";
			};
			name = Debug;
		};
		1D6058950D05DD3E006BFB54 /* Release */ = {
			isa = XCBuildConfiguration;
			buildSettings = {
				ALWAYS_SEARCH_USER_PATHS = YES;
				ASSETCATALOG_COMPILER_APPICON_NAME = AppIcon;
				ASSETCATALOG_COMPILER_LAUNCHIMAGE_NAME = "Brand Assets";
				CLANG_WARN_CXX0X_EXTENSIONS = YES;
				CODE_SIGN_IDENTITY = "iPhone Developer";
				"CODE_SIGN_IDENTITY[sdk=iphoneos*]" = "iPhone Developer";
				COMPRESS_PNG_FILES = NO;
				ENABLE_BITCODE = NO;
				GCC_INLINES_ARE_PRIVATE_EXTERN = NO;
				GCC_PRECOMPILE_PREFIX_HEADER = YES;
				GCC_PREFIX_HEADER = ios/Prefix.pch;
				GCC_PREPROCESSOR_DEFINITIONS = (
					USE_FILE32API,
					CC_TARGET_OS_IPHONE,
					"CC_ENABLE_CHIPMUNK_INTEGRATION=1",
				);
				GCC_SYMBOLS_PRIVATE_EXTERN = NO;
				HEADER_SEARCH_PATHS = (
					"$(inherited)",
					"$(SRCROOT)/../libs/cocos2d/cocos/platform/ios",
					"$(SRCROOT)/../libs/cocos2d/cocos/platform/ios/Simulation",
				);
				INFOPLIST_FILE = ios/Info.plist;
				LIBRARY_SEARCH_PATHS = "";
				OTHER_LDFLAGS = (
					"$(_COCOS_LIB_IOS_BEGIN)",
					"$(_COCOS_LIB_IOS_END)",
				);
				PRODUCT_BUNDLE_IDENTIFIER = com.tandem.pulse;
				PRODUCT_NAME = "Pulse-mobile";
				PROVISIONING_PROFILE = "";
				SDKROOT = iphoneos;
				STRIP_PNG_TEXT = NO;
				TARGETED_DEVICE_FAMILY = "1,2";
				USER_HEADER_SEARCH_PATHS = "$(_COCOS_HEADER_IOS_BEGIN) $(_COCOS_HEADER_IOS_END)";
				VALID_ARCHS = "arm64 armv7";
			};
			name = Release;
		};
		5087E76D17EB910900C73F5D /* Debug */ = {
			isa = XCBuildConfiguration;
			buildSettings = {
				ALWAYS_SEARCH_USER_PATHS = YES;
				CLANG_CXX_LANGUAGE_STANDARD = "c++1y";
				CLANG_CXX_LIBRARY = "libc++";
				COMBINE_HIDPI_IMAGES = YES;
				GCC_DYNAMIC_NO_PIC = NO;
				GCC_INLINES_ARE_PRIVATE_EXTERN = NO;
				GCC_PRECOMPILE_PREFIX_HEADER = YES;
				GCC_PREFIX_HEADER = mac/Prefix.pch;
				GCC_PREPROCESSOR_DEFINITIONS = (
					USE_FILE32API,
					CC_TARGET_OS_MAC,
					"COCOS2D_DEBUG=1",
					"CC_ENABLE_CHIPMUNK_INTEGRATION=1",
				);
				GCC_SYMBOLS_PRIVATE_EXTERN = NO;
				HEADER_SEARCH_PATHS = (
					"$(inherited)",
					"$(SRCROOT)/../libs/cocos2d/cocos/platform/mac",
					"$(SRCROOT)/../libs/cocos2d/external/glfw3/include/mac",
				);
				INFOPLIST_FILE = mac/Info.plist;
				LIBRARY_SEARCH_PATHS = "";
				OTHER_LDFLAGS = (
					"$(_COCOS_LIB_MAC_BEGIN)",
					"$(_COCOS_LIB_MAC_END)",
				);
				PRODUCT_BUNDLE_IDENTIFIER = com.tandem.pulse;
				PRODUCT_NAME = "Pulse-mobile";
				USER_HEADER_SEARCH_PATHS = "$(_COCOS_HEADER_MAC_BEGIN) $(_COCOS_HEADER_MAC_END)";
			};
			name = Debug;
		};
		5087E76E17EB910900C73F5D /* Release */ = {
			isa = XCBuildConfiguration;
			buildSettings = {
				ALWAYS_SEARCH_USER_PATHS = YES;
				CLANG_CXX_LANGUAGE_STANDARD = "c++1y";
				CLANG_CXX_LIBRARY = "libc++";
				COMBINE_HIDPI_IMAGES = YES;
				GCC_INLINES_ARE_PRIVATE_EXTERN = NO;
				GCC_PRECOMPILE_PREFIX_HEADER = YES;
				GCC_PREFIX_HEADER = mac/Prefix.pch;
				GCC_PREPROCESSOR_DEFINITIONS = (
					USE_FILE32API,
					CC_TARGET_OS_MAC,
					"CC_ENABLE_CHIPMUNK_INTEGRATION=1",
				);
				GCC_SYMBOLS_PRIVATE_EXTERN = NO;
				HEADER_SEARCH_PATHS = (
					"$(inherited)",
					"$(SRCROOT)/../libs/cocos2d/cocos/platform/mac",
					"$(SRCROOT)/../libs/cocos2d/external/glfw3/include/mac",
				);
				INFOPLIST_FILE = mac/Info.plist;
				LIBRARY_SEARCH_PATHS = "";
				OTHER_LDFLAGS = (
					"$(_COCOS_LIB_MAC_BEGIN)",
					"$(_COCOS_LIB_MAC_END)",
				);
				PRODUCT_BUNDLE_IDENTIFIER = com.tandem.pulse;
				PRODUCT_NAME = "Pulse-mobile";
				USER_HEADER_SEARCH_PATHS = "$(_COCOS_HEADER_MAC_BEGIN) $(_COCOS_HEADER_MAC_END)";
			};
			name = Release;
		};
		C01FCF4F08A954540054247B /* Debug */ = {
			isa = XCBuildConfiguration;
			buildSettings = {
				CLANG_ANALYZER_LOCALIZABILITY_EMPTY_CONTEXT = YES;
				CLANG_ANALYZER_NONNULL = YES;
				CLANG_ANALYZER_SECURITY_FLOATLOOPCOUNTER = YES;
				CLANG_ANALYZER_SECURITY_INSECUREAPI_RAND = YES;
				CLANG_ANALYZER_SECURITY_INSECUREAPI_STRCPY = YES;
				CLANG_CXX_LANGUAGE_STANDARD = "c++1y";
				CLANG_CXX_LIBRARY = "libc++";
				CLANG_STATIC_ANALYZER_MODE = deep;
				CLANG_WARN_ASSIGN_ENUM = YES;
				CLANG_WARN_BOOL_CONVERSION = YES;
				CLANG_WARN_CONSTANT_CONVERSION = YES;
				CLANG_WARN_CXX0X_EXTENSIONS = YES;
				CLANG_WARN_DEPRECATED_OBJC_IMPLEMENTATIONS = YES;
				CLANG_WARN_ENUM_CONVERSION = YES;
				CLANG_WARN_IMPLICIT_SIGN_CONVERSION = NO;
				CLANG_WARN_INT_CONVERSION = YES;
				CLANG_WARN_NULLABLE_TO_NONNULL_CONVERSION = YES;
				CLANG_WARN_OBJC_EXPLICIT_OWNERSHIP_TYPE = YES;
				CLANG_WARN_OBJC_IMPLICIT_ATOMIC_PROPERTIES = YES;
				CLANG_WARN_OBJC_IMPLICIT_RETAIN_SELF = YES;
				CLANG_WARN_OBJC_REPEATED_USE_OF_WEAK = YES;
				CLANG_WARN_SUSPICIOUS_IMPLICIT_CONVERSION = NO;
				CLANG_WARN_UNREACHABLE_CODE = YES_AGGRESSIVE;
				CLANG_WARN__DUPLICATE_METHOD_MATCH = YES;
				CLANG_WARN__EXIT_TIME_DESTRUCTORS = NO;
				COPY_PHASE_STRIP = NO;
				ENABLE_TESTABILITY = YES;
				GCC_OPTIMIZATION_LEVEL = 0;
				GCC_TREAT_INCOMPATIBLE_POINTER_TYPE_WARNINGS_AS_ERRORS = YES;
				GCC_WARN_64_TO_32_BIT_CONVERSION = YES;
				GCC_WARN_ABOUT_MISSING_FIELD_INITIALIZERS = YES;
				GCC_WARN_ABOUT_MISSING_NEWLINE = YES;
				GCC_WARN_ABOUT_MISSING_PROTOTYPES = NO;
				GCC_WARN_ABOUT_RETURN_TYPE = YES;
				GCC_WARN_HIDDEN_VIRTUAL_FUNCTIONS = YES;
				GCC_WARN_INITIALIZER_NOT_FULLY_BRACKETED = YES;
				GCC_WARN_NON_VIRTUAL_DESTRUCTOR = YES;
				GCC_WARN_PEDANTIC = NO;
				GCC_WARN_SIGN_COMPARE = YES;
				GCC_WARN_STRICT_SELECTOR_MATCH = YES;
				GCC_WARN_UNDECLARED_SELECTOR = YES;
				GCC_WARN_UNINITIALIZED_AUTOS = YES_AGGRESSIVE;
				GCC_WARN_UNKNOWN_PRAGMAS = YES;
				GCC_WARN_UNUSED_FUNCTION = YES;
				GCC_WARN_UNUSED_LABEL = YES;
				GCC_WARN_UNUSED_PARAMETER = NO;
				GCC_WARN_UNUSED_VARIABLE = YES;
				HEADER_SEARCH_PATHS = (
					"$(SRCROOT)/../libs/cocos2d",
					"$(SRCROOT)/../libs/cocos2d/cocos",
					"$(SRCROOT)/../libs/cocos2d/cocos/base",
					"$(SRCROOT)/../libs/cocos2d/cocos/physics",
					"$(SRCROOT)/../libs/cocos2d/cocos/math",
					"$(SRCROOT)/../libs/cocos2d/cocos/2d",
					"$(SRCROOT)/../libs/cocos2d/cocos/ui",
					"$(SRCROOT)/../libs/cocos2d/cocos/network",
					"$(SRCROOT)/../libs/cocos2d/cocos/audio/include",
					"$(SRCROOT)/../libs/cocos2d/cocos/editor-support",
					"$(SRCROOT)/../libs/cocos2d/extensions",
					"$(SRCROOT)/../libs/cocos2d/external",
					"$(SRCROOT)/../libs/cocos2d/external/chipmunk/include/chipmunk",
					"$(SRCROOT)/../libs/cpputils/include",
					"$(SRCROOT)/../libs/GSL/include",
					"$(SRCROOT)/../libs/range-v3/include",
					"$(SRCROOT)/../src",
					"$(SRCROOT)/../libs/json/src",
				);
				IPHONEOS_DEPLOYMENT_TARGET = 7.0;
				MACOSX_DEPLOYMENT_TARGET = 10.7;
				ONLY_ACTIVE_ARCH = YES;
				PRODUCT_NAME = "$(TARGET_NAME)";
				RUN_CLANG_STATIC_ANALYZER = YES;
				SDKROOT = macosx;
			};
			name = Debug;
		};
		C01FCF5008A954540054247B /* Release */ = {
			isa = XCBuildConfiguration;
			buildSettings = {
				CLANG_ANALYZER_LOCALIZABILITY_EMPTY_CONTEXT = YES;
				CLANG_ANALYZER_NONNULL = YES;
				CLANG_ANALYZER_SECURITY_FLOATLOOPCOUNTER = YES;
				CLANG_ANALYZER_SECURITY_INSECUREAPI_RAND = YES;
				CLANG_ANALYZER_SECURITY_INSECUREAPI_STRCPY = YES;
				CLANG_CXX_LANGUAGE_STANDARD = "c++1y";
				CLANG_CXX_LIBRARY = "libc++";
				CLANG_STATIC_ANALYZER_MODE = deep;
				CLANG_WARN_ASSIGN_ENUM = YES;
				CLANG_WARN_BOOL_CONVERSION = YES;
				CLANG_WARN_CONSTANT_CONVERSION = YES;
				CLANG_WARN_CXX0X_EXTENSIONS = YES;
				CLANG_WARN_DEPRECATED_OBJC_IMPLEMENTATIONS = YES;
				CLANG_WARN_ENUM_CONVERSION = YES;
				CLANG_WARN_IMPLICIT_SIGN_CONVERSION = NO;
				CLANG_WARN_INT_CONVERSION = YES;
				CLANG_WARN_NULLABLE_TO_NONNULL_CONVERSION = YES;
				CLANG_WARN_OBJC_EXPLICIT_OWNERSHIP_TYPE = YES;
				CLANG_WARN_OBJC_IMPLICIT_ATOMIC_PROPERTIES = YES;
				CLANG_WARN_OBJC_IMPLICIT_RETAIN_SELF = YES;
				CLANG_WARN_OBJC_REPEATED_USE_OF_WEAK = YES;
				CLANG_WARN_SUSPICIOUS_IMPLICIT_CONVERSION = NO;
				CLANG_WARN_UNREACHABLE_CODE = YES_AGGRESSIVE;
				CLANG_WARN__DUPLICATE_METHOD_MATCH = YES;
				CLANG_WARN__EXIT_TIME_DESTRUCTORS = NO;
				GCC_TREAT_INCOMPATIBLE_POINTER_TYPE_WARNINGS_AS_ERRORS = YES;
				GCC_WARN_64_TO_32_BIT_CONVERSION = YES;
				GCC_WARN_ABOUT_MISSING_FIELD_INITIALIZERS = YES;
				GCC_WARN_ABOUT_MISSING_NEWLINE = YES;
				GCC_WARN_ABOUT_MISSING_PROTOTYPES = NO;
				GCC_WARN_ABOUT_RETURN_TYPE = YES;
				GCC_WARN_HIDDEN_VIRTUAL_FUNCTIONS = YES;
				GCC_WARN_INITIALIZER_NOT_FULLY_BRACKETED = YES;
				GCC_WARN_NON_VIRTUAL_DESTRUCTOR = YES;
				GCC_WARN_PEDANTIC = NO;
				GCC_WARN_SIGN_COMPARE = YES;
				GCC_WARN_STRICT_SELECTOR_MATCH = YES;
				GCC_WARN_UNDECLARED_SELECTOR = YES;
				GCC_WARN_UNINITIALIZED_AUTOS = YES_AGGRESSIVE;
				GCC_WARN_UNKNOWN_PRAGMAS = YES;
				GCC_WARN_UNUSED_FUNCTION = YES;
				GCC_WARN_UNUSED_LABEL = YES;
				GCC_WARN_UNUSED_PARAMETER = NO;
				GCC_WARN_UNUSED_VARIABLE = YES;
				HEADER_SEARCH_PATHS = (
					"$(SRCROOT)/../libs/cocos2d",
					"$(SRCROOT)/../libs/cocos2d/cocos",
					"$(SRCROOT)/../libs/cocos2d/cocos/base",
					"$(SRCROOT)/../libs/cocos2d/cocos/physics",
					"$(SRCROOT)/../libs/cocos2d/cocos/math",
					"$(SRCROOT)/../libs/cocos2d/cocos/2d",
					"$(SRCROOT)/../libs/cocos2d/cocos/ui",
					"$(SRCROOT)/../libs/cocos2d/cocos/network",
					"$(SRCROOT)/../libs/cocos2d/cocos/audio/include",
					"$(SRCROOT)/../libs/cocos2d/cocos/editor-support",
					"$(SRCROOT)/../libs/cocos2d/extensions",
					"$(SRCROOT)/../libs/cocos2d/external",
					"$(SRCROOT)/../libs/cocos2d/external/chipmunk/include/chipmunk",
					"$(SRCROOT)/../libs/cpputils/include",
					"$(SRCROOT)/../libs/GSL/include",
					"$(SRCROOT)/../libs/range-v3/include",
					"$(SRCROOT)/../src",
					"$(SRCROOT)/../libs/json/src",
				);
				IPHONEOS_DEPLOYMENT_TARGET = 7.0;
				MACOSX_DEPLOYMENT_TARGET = 10.7;
				OTHER_CFLAGS = "-DNS_BLOCK_ASSERTIONS=1";
				PRODUCT_NAME = "$(TARGET_NAME)";
				RUN_CLANG_STATIC_ANALYZER = YES;
				SDKROOT = macosx;
				VALIDATE_PRODUCT = YES;
			};
			name = Release;
		};
/* End XCBuildConfiguration section */

/* Begin XCConfigurationList section */
		1D6058960D05DD3E006BFB54 /* Build configuration list for PBXNativeTarget "Pulse-mobile" */ = {
			isa = XCConfigurationList;
			buildConfigurations = (
				1D6058940D05DD3E006BFB54 /* Debug */,
				1D6058950D05DD3E006BFB54 /* Release */,
			);
			defaultConfigurationIsVisible = 0;
			defaultConfigurationName = Debug;
		};
		5087E76C17EB910900C73F5D /* Build configuration list for PBXNativeTarget "Pulse-desktop" */ = {
			isa = XCConfigurationList;
			buildConfigurations = (
				5087E76D17EB910900C73F5D /* Debug */,
				5087E76E17EB910900C73F5D /* Release */,
			);
			defaultConfigurationIsVisible = 0;
			defaultConfigurationName = Debug;
		};
		C01FCF4E08A954540054247B /* Build configuration list for PBXProject "Pulse" */ = {
			isa = XCConfigurationList;
			buildConfigurations = (
				C01FCF4F08A954540054247B /* Debug */,
				C01FCF5008A954540054247B /* Release */,
			);
			defaultConfigurationIsVisible = 0;
			defaultConfigurationName = Debug;
		};
/* End XCConfigurationList section */
	};
	rootObject = 29B97313FDCFA39411CA2CEA /* Project object */;
}
